// !$*UTF8*$!
{
	archiveVersion = 1;
	classes = {
	};
	objectVersion = 56;
	objects = {

/* Begin PBXBuildFile section */
		541B80B62B0F56480048766C /* README.md in Resources */ = {isa = PBXBuildFile; fileRef = 541B80B52B0F56480048766C /* README.md */; };
		5458CE0E2B0B5A1B0042F798 /* AppDelegate.m in Sources */ = {isa = PBXBuildFile; fileRef = 5458CE0D2B0B5A1B0042F798 /* AppDelegate.m */; };
		5458CE112B0B5A1B0042F798 /* SceneDelegate.m in Sources */ = {isa = PBXBuildFile; fileRef = 5458CE102B0B5A1B0042F798 /* SceneDelegate.m */; };
		5458CE142B0B5A1B0042F798 /* ViewController.mm in Sources */ = {isa = PBXBuildFile; fileRef = 5458CE132B0B5A1B0042F798 /* ViewController.mm */; };
		5458CE172B0B5A1B0042F798 /* Main.storyboard in Resources */ = {isa = PBXBuildFile; fileRef = 5458CE152B0B5A1B0042F798 /* Main.storyboard */; };
		5458CE192B0B5A1C0042F798 /* Assets.xcassets in Resources */ = {isa = PBXBuildFile; fileRef = 5458CE182B0B5A1C0042F798 /* Assets.xcassets */; };
		5458CE1C2B0B5A1C0042F798 /* LaunchScreen.storyboard in Resources */ = {isa = PBXBuildFile; fileRef = 5458CE1A2B0B5A1C0042F798 /* LaunchScreen.storyboard */; };
		5458CE1F2B0B5A1C0042F798 /* main.m in Sources */ = {isa = PBXBuildFile; fileRef = 5458CE1E2B0B5A1C0042F798 /* main.m */; };
		5458CE292B0B5A1D0042F798 /* OpenSSLDemoTests.m in Sources */ = {isa = PBXBuildFile; fileRef = 5458CE282B0B5A1D0042F798 /* OpenSSLDemoTests.m */; };
		5458CE332B0B5A1D0042F798 /* OpenSSLDemoUITests.m in Sources */ = {isa = PBXBuildFile; fileRef = 5458CE322B0B5A1D0042F798 /* OpenSSLDemoUITests.m */; };
		5458CE352B0B5A1D0042F798 /* OpenSSLDemoUITestsLaunchTests.m in Sources */ = {isa = PBXBuildFile; fileRef = 5458CE342B0B5A1D0042F798 /* OpenSSLDemoUITestsLaunchTests.m */; };
		5458CF6B2B0B6C680042F798 /* libcrypto.a in Frameworks */ = {isa = PBXBuildFile; fileRef = 5458CE422B0B6C670042F798 /* libcrypto.a */; };
		5458CF6F2B0B6C680042F798 /* libssl.a in Frameworks */ = {isa = PBXBuildFile; fileRef = 5458CEC72B0B6C670042F798 /* libssl.a */; };
		5458D0B12B0B6CF90042F798 /* bn_conf.h.in in Resources */ = {isa = PBXBuildFile; fileRef = 5458CF952B0B6CF90042F798 /* bn_conf.h.in */; };
		5458D0B22B0B6CF90042F798 /* dso_conf.h.in in Resources */ = {isa = PBXBuildFile; fileRef = 5458CFA02B0B6CF90042F798 /* dso_conf.h.in */; };
		5458D0B32B0B6CF90042F798 /* riscv_arch.def in Resources */ = {isa = PBXBuildFile; fileRef = 5458CFA32B0B6CF90042F798 /* riscv_arch.def */; };
		5458D0B42B0B6CF90042F798 /* fipskey.h.in in Resources */ = {isa = PBXBuildFile; fileRef = 5458D0112B0B6CF90042F798 /* fipskey.h.in */; };
		5458D0B52B0B6CF90042F798 /* ocsp.h.in in Resources */ = {isa = PBXBuildFile; fileRef = 5458D0152B0B6CF90042F798 /* ocsp.h.in */; };
		5458D0B62B0B6CF90042F798 /* pkcs7.h.in in Resources */ = {isa = PBXBuildFile; fileRef = 5458D0182B0B6CF90042F798 /* pkcs7.h.in */; };
		5458D0B72B0B6CF90042F798 /* x509.h.in in Resources */ = {isa = PBXBuildFile; fileRef = 5458D0192B0B6CF90042F798 /* x509.h.in */; };
		5458D0B82B0B6CF90042F798 /* cmp.h.in in Resources */ = {isa = PBXBuildFile; fileRef = 5458D01B2B0B6CF90042F798 /* cmp.h.in */; };
		5458D0B92B0B6CF90042F798 /* crypto.h.in in Resources */ = {isa = PBXBuildFile; fileRef = 5458D0212B0B6CF90042F798 /* crypto.h.in */; };
		5458D0BA2B0B6CF90042F798 /* asn1.h.in in Resources */ = {isa = PBXBuildFile; fileRef = 5458D02B2B0B6CF90042F798 /* asn1.h.in */; };
		5458D0BB2B0B6CF90042F798 /* conf.h.in in Resources */ = {isa = PBXBuildFile; fileRef = 5458D0322B0B6CF90042F798 /* conf.h.in */; };
		5458D0BC2B0B6CF90042F798 /* srp.h.in in Resources */ = {isa = PBXBuildFile; fileRef = 5458D0422B0B6CF90042F798 /* srp.h.in */; };
		5458D0BD2B0B6CF90042F798 /* pkcs12.h.in in Resources */ = {isa = PBXBuildFile; fileRef = 5458D0542B0B6CF90042F798 /* pkcs12.h.in */; };
		5458D0BE2B0B6CF90042F798 /* lhash.h.in in Resources */ = {isa = PBXBuildFile; fileRef = 5458D05B2B0B6CF90042F798 /* lhash.h.in */; };
		5458D0BF2B0B6CF90042F798 /* crmf.h.in in Resources */ = {isa = PBXBuildFile; fileRef = 5458D0622B0B6CF90042F798 /* crmf.h.in */; };
		5458D0C02B0B6CF90042F798 /* configuration.h.in in Resources */ = {isa = PBXBuildFile; fileRef = 5458D0642B0B6CF90042F798 /* configuration.h.in */; };
		5458D0C12B0B6CF90042F798 /* ct.h.in in Resources */ = {isa = PBXBuildFile; fileRef = 5458D0652B0B6CF90042F798 /* ct.h.in */; };
		5458D0C22B0B6CF90042F798 /* opensslv.h.in in Resources */ = {isa = PBXBuildFile; fileRef = 5458D0722B0B6CF90042F798 /* opensslv.h.in */; };
		5458D0C32B0B6CF90042F798 /* x509v3.h.in in Resources */ = {isa = PBXBuildFile; fileRef = 5458D07C2B0B6CF90042F798 /* x509v3.h.in */; };
		5458D0C42B0B6CF90042F798 /* ui.h.in in Resources */ = {isa = PBXBuildFile; fileRef = 5458D07D2B0B6CF90042F798 /* ui.h.in */; };
		5458D0C52B0B6CF90042F798 /* err.h.in in Resources */ = {isa = PBXBuildFile; fileRef = 5458D07E2B0B6CF90042F798 /* err.h.in */; };
		5458D0C62B0B6CF90042F798 /* asn1t.h.in in Resources */ = {isa = PBXBuildFile; fileRef = 5458D0842B0B6CF90042F798 /* asn1t.h.in */; };
		5458D0C72B0B6CF90042F798 /* safestack.h.in in Resources */ = {isa = PBXBuildFile; fileRef = 5458D0852B0B6CF90042F798 /* safestack.h.in */; };
		5458D0C82B0B6CF90042F798 /* ssl.h.in in Resources */ = {isa = PBXBuildFile; fileRef = 5458D08A2B0B6CF90042F798 /* ssl.h.in */; };
		5458D0C92B0B6CF90042F798 /* ess.h.in in Resources */ = {isa = PBXBuildFile; fileRef = 5458D0902B0B6CF90042F798 /* ess.h.in */; };
		5458D0CA2B0B6CF90042F798 /* x509_vfy.h.in in Resources */ = {isa = PBXBuildFile; fileRef = 5458D0A02B0B6CF90042F798 /* x509_vfy.h.in */; };
		5458D0CB2B0B6CF90042F798 /* bio.h.in in Resources */ = {isa = PBXBuildFile; fileRef = 5458D0A72B0B6CF90042F798 /* bio.h.in */; };
		5458D0CC2B0B6CF90042F798 /* cms.h.in in Resources */ = {isa = PBXBuildFile; fileRef = 5458D0AF2B0B6CF90042F798 /* cms.h.in */; };
		5458D0D02B0B6F3D0042F798 /* publicKey.pem in Resources */ = {isa = PBXBuildFile; fileRef = 5458D0CD2B0B6F3D0042F798 /* publicKey.pem */; };
		5458D0D12B0B6F3D0042F798 /* 1.sig in Resources */ = {isa = PBXBuildFile; fileRef = 5458D0CE2B0B6F3D0042F798 /* 1.sig */; };
		5458D0D22B0B6F3D0042F798 /* Left1.cfg in Resources */ = {isa = PBXBuildFile; fileRef = 5458D0CF2B0B6F3D0042F798 /* Left1.cfg */; };
		54BC1FCC2B0C7BD00091A829 /* privareKey.pem in Resources */ = {isa = PBXBuildFile; fileRef = 54BC1FCB2B0C7BD00091A829 /* privareKey.pem */; };
/* End PBXBuildFile section */

/* Begin PBXContainerItemProxy section */
		5458CE252B0B5A1D0042F798 /* PBXContainerItemProxy */ = {
			isa = PBXContainerItemProxy;
			containerPortal = 5458CE012B0B5A1B0042F798 /* Project object */;
			proxyType = 1;
			remoteGlobalIDString = 5458CE082B0B5A1B0042F798;
			remoteInfo = OpenSSLTest;
		};
		5458CE2F2B0B5A1D0042F798 /* PBXContainerItemProxy */ = {
			isa = PBXContainerItemProxy;
			containerPortal = 5458CE012B0B5A1B0042F798 /* Project object */;
			proxyType = 1;
			remoteGlobalIDString = 5458CE082B0B5A1B0042F798;
			remoteInfo = OpenSSLTest;
		};
/* End PBXContainerItemProxy section */

/* Begin PBXFileReference section */
		541B80B52B0F56480048766C /* README.md */ = {isa = PBXFileReference; fileEncoding = 4; lastKnownFileType = net.daringfireball.markdown; path = README.md; sourceTree = SOURCE_ROOT; };
		5458CE092B0B5A1B0042F798 /* OpenSSLDemo.app */ = {isa = PBXFileReference; explicitFileType = wrapper.application; includeInIndex = 0; path = OpenSSLDemo.app; sourceTree = BUILT_PRODUCTS_DIR; };
		5458CE0C2B0B5A1B0042F798 /* AppDelegate.h */ = {isa = PBXFileReference; lastKnownFileType = sourcecode.c.h; path = AppDelegate.h; sourceTree = "<group>"; };
		5458CE0D2B0B5A1B0042F798 /* AppDelegate.m */ = {isa = PBXFileReference; lastKnownFileType = sourcecode.c.objc; path = AppDelegate.m; sourceTree = "<group>"; };
		5458CE0F2B0B5A1B0042F798 /* SceneDelegate.h */ = {isa = PBXFileReference; lastKnownFileType = sourcecode.c.h; path = SceneDelegate.h; sourceTree = "<group>"; };
		5458CE102B0B5A1B0042F798 /* SceneDelegate.m */ = {isa = PBXFileReference; lastKnownFileType = sourcecode.c.objc; path = SceneDelegate.m; sourceTree = "<group>"; };
		5458CE122B0B5A1B0042F798 /* ViewController.h */ = {isa = PBXFileReference; lastKnownFileType = sourcecode.c.h; path = ViewController.h; sourceTree = "<group>"; };
		5458CE132B0B5A1B0042F798 /* ViewController.mm */ = {isa = PBXFileReference; lastKnownFileType = sourcecode.cpp.objcpp; path = ViewController.mm; sourceTree = "<group>"; };
		5458CE162B0B5A1B0042F798 /* Base */ = {isa = PBXFileReference; lastKnownFileType = file.storyboard; name = Base; path = Base.lproj/Main.storyboard; sourceTree = "<group>"; };
		5458CE182B0B5A1C0042F798 /* Assets.xcassets */ = {isa = PBXFileReference; lastKnownFileType = folder.assetcatalog; path = Assets.xcassets; sourceTree = "<group>"; };
		5458CE1B2B0B5A1C0042F798 /* Base */ = {isa = PBXFileReference; lastKnownFileType = file.storyboard; name = Base; path = Base.lproj/LaunchScreen.storyboard; sourceTree = "<group>"; };
		5458CE1D2B0B5A1C0042F798 /* Info.plist */ = {isa = PBXFileReference; lastKnownFileType = text.plist.xml; path = Info.plist; sourceTree = "<group>"; };
		5458CE1E2B0B5A1C0042F798 /* main.m */ = {isa = PBXFileReference; lastKnownFileType = sourcecode.c.objc; path = main.m; sourceTree = "<group>"; };
		5458CE242B0B5A1D0042F798 /* OpenSSLDemoTests.xctest */ = {isa = PBXFileReference; explicitFileType = wrapper.cfbundle; includeInIndex = 0; path = OpenSSLDemoTests.xctest; sourceTree = BUILT_PRODUCTS_DIR; };
		5458CE282B0B5A1D0042F798 /* OpenSSLDemoTests.m */ = {isa = PBXFileReference; lastKnownFileType = sourcecode.c.objc; path = OpenSSLDemoTests.m; sourceTree = "<group>"; };
		5458CE2E2B0B5A1D0042F798 /* OpenSSLDemoUITests.xctest */ = {isa = PBXFileReference; explicitFileType = wrapper.cfbundle; includeInIndex = 0; path = OpenSSLDemoUITests.xctest; sourceTree = BUILT_PRODUCTS_DIR; };
		5458CE322B0B5A1D0042F798 /* OpenSSLDemoUITests.m */ = {isa = PBXFileReference; lastKnownFileType = sourcecode.c.objc; path = OpenSSLDemoUITests.m; sourceTree = "<group>"; };
		5458CE342B0B5A1D0042F798 /* OpenSSLDemoUITestsLaunchTests.m */ = {isa = PBXFileReference; lastKnownFileType = sourcecode.c.objc; path = OpenSSLDemoUITestsLaunchTests.m; sourceTree = "<group>"; };
		5458CE422B0B6C670042F798 /* libcrypto.a */ = {isa = PBXFileReference; lastKnownFileType = archive.ar; path = libcrypto.a; sourceTree = "<group>"; };
		5458CEC72B0B6C670042F798 /* libssl.a */ = {isa = PBXFileReference; lastKnownFileType = archive.ar; path = libssl.a; sourceTree = "<group>"; };
		5458CF8B2B0B6CF90042F798 /* pem.h */ = {isa = PBXFileReference; fileEncoding = 4; lastKnownFileType = sourcecode.c.h; path = pem.h; sourceTree = "<group>"; };
		5458CF8C2B0B6CF90042F798 /* asyncerr.h */ = {isa = PBXFileReference; fileEncoding = 4; lastKnownFileType = sourcecode.c.h; path = asyncerr.h; sourceTree = "<group>"; };
		5458CF8D2B0B6CF90042F798 /* md32_common.h */ = {isa = PBXFileReference; fileEncoding = 4; lastKnownFileType = sourcecode.c.h; path = md32_common.h; sourceTree = "<group>"; };
		5458CF8E2B0B6CF90042F798 /* err.h */ = {isa = PBXFileReference; fileEncoding = 4; lastKnownFileType = sourcecode.c.h; path = err.h; sourceTree = "<group>"; };
		5458CF8F2B0B6CF90042F798 /* bn.h */ = {isa = PBXFileReference; fileEncoding = 4; lastKnownFileType = sourcecode.c.h; path = bn.h; sourceTree = "<group>"; };
		5458CF902B0B6CF90042F798 /* security_bits.h */ = {isa = PBXFileReference; fileEncoding = 4; lastKnownFileType = sourcecode.c.h; path = security_bits.h; sourceTree = "<group>"; };
		5458CF912B0B6CF90042F798 /* engine.h */ = {isa = PBXFileReference; fileEncoding = 4; lastKnownFileType = sourcecode.c.h; path = engine.h; sourceTree = "<group>"; };
		5458CF922B0B6CF90042F798 /* aes_platform.h */ = {isa = PBXFileReference; fileEncoding = 4; lastKnownFileType = sourcecode.c.h; path = aes_platform.h; sourceTree = "<group>"; };
		5458CF932B0B6CF90042F798 /* esserr.h */ = {isa = PBXFileReference; fileEncoding = 4; lastKnownFileType = sourcecode.c.h; path = esserr.h; sourceTree = "<group>"; };
		5458CF942B0B6CF90042F798 /* x509.h */ = {isa = PBXFileReference; fileEncoding = 4; lastKnownFileType = sourcecode.c.h; path = x509.h; sourceTree = "<group>"; };
		5458CF952B0B6CF90042F798 /* bn_conf.h.in */ = {isa = PBXFileReference; fileEncoding = 4; lastKnownFileType = text; path = bn_conf.h.in; sourceTree = "<group>"; };
		5458CF962B0B6CF90042F798 /* objectserr.h */ = {isa = PBXFileReference; fileEncoding = 4; lastKnownFileType = sourcecode.c.h; path = objectserr.h; sourceTree = "<group>"; };
		5458CF972B0B6CF90042F798 /* asn1_dsa.h */ = {isa = PBXFileReference; fileEncoding = 4; lastKnownFileType = sourcecode.c.h; path = asn1_dsa.h; sourceTree = "<group>"; };
		5458CF982B0B6CF90042F798 /* cmserr.h */ = {isa = PBXFileReference; fileEncoding = 4; lastKnownFileType = sourcecode.c.h; path = cmserr.h; sourceTree = "<group>"; };
		5458CF992B0B6CF90042F798 /* sparse_array.h */ = {isa = PBXFileReference; fileEncoding = 4; lastKnownFileType = sourcecode.c.h; path = sparse_array.h; sourceTree = "<group>"; };
		5458CF9A2B0B6CF90042F798 /* sha.h */ = {isa = PBXFileReference; fileEncoding = 4; lastKnownFileType = sourcecode.c.h; path = sha.h; sourceTree = "<group>"; };
		5458CF9B2B0B6CF90042F798 /* asn1.h */ = {isa = PBXFileReference; fileEncoding = 4; lastKnownFileType = sourcecode.c.h; path = asn1.h; sourceTree = "<group>"; };
		5458CF9C2B0B6CF90042F798 /* chacha.h */ = {isa = PBXFileReference; fileEncoding = 4; lastKnownFileType = sourcecode.c.h; path = chacha.h; sourceTree = "<group>"; };
		5458CF9D2B0B6CF90042F798 /* bioerr.h */ = {isa = PBXFileReference; fileEncoding = 4; lastKnownFileType = sourcecode.c.h; path = bioerr.h; sourceTree = "<group>"; };
		5458CF9E2B0B6CF90042F798 /* types.h */ = {isa = PBXFileReference; fileEncoding = 4; lastKnownFileType = sourcecode.c.h; path = types.h; sourceTree = "<group>"; };
		5458CF9F2B0B6CF90042F798 /* dh.h */ = {isa = PBXFileReference; fileEncoding = 4; lastKnownFileType = sourcecode.c.h; path = dh.h; sourceTree = "<group>"; };
		5458CFA02B0B6CF90042F798 /* dso_conf.h.in */ = {isa = PBXFileReference; fileEncoding = 4; lastKnownFileType = text; path = dso_conf.h.in; sourceTree = "<group>"; };
		5458CFA12B0B6CF90042F798 /* __DECC_INCLUDE_PROLOGUE.H */ = {isa = PBXFileReference; fileEncoding = 4; lastKnownFileType = sourcecode.cpp.h; path = __DECC_INCLUDE_PROLOGUE.H; sourceTree = "<group>"; };
		5458CFA22B0B6CF90042F798 /* decodererr.h */ = {isa = PBXFileReference; fileEncoding = 4; lastKnownFileType = sourcecode.c.h; path = decodererr.h; sourceTree = "<group>"; };
		5458CFA32B0B6CF90042F798 /* riscv_arch.def */ = {isa = PBXFileReference; fileEncoding = 4; lastKnownFileType = text; path = riscv_arch.def; sourceTree = "<group>"; };
		5458CFA42B0B6CF90042F798 /* cmll_platform.h */ = {isa = PBXFileReference; fileEncoding = 4; lastKnownFileType = sourcecode.c.h; path = cmll_platform.h; sourceTree = "<group>"; };
		5458CFA52B0B6CF90042F798 /* poly1305.h */ = {isa = PBXFileReference; fileEncoding = 4; lastKnownFileType = sourcecode.c.h; path = poly1305.h; sourceTree = "<group>"; };
		5458CFA62B0B6CF90042F798 /* __DECC_INCLUDE_EPILOGUE.H */ = {isa = PBXFileReference; fileEncoding = 4; lastKnownFileType = sourcecode.cpp.h; path = __DECC_INCLUDE_EPILOGUE.H; sourceTree = "<group>"; };
		5458CFA72B0B6CF90042F798 /* siphash.h */ = {isa = PBXFileReference; fileEncoding = 4; lastKnownFileType = sourcecode.c.h; path = siphash.h; sourceTree = "<group>"; };
		5458CFA82B0B6CF90042F798 /* bn_conf.h */ = {isa = PBXFileReference; fileEncoding = 4; lastKnownFileType = sourcecode.c.h; path = bn_conf.h; sourceTree = "<group>"; };
		5458CFA92B0B6CF90042F798 /* decoder.h */ = {isa = PBXFileReference; fileEncoding = 4; lastKnownFileType = sourcecode.c.h; path = decoder.h; sourceTree = "<group>"; };
		5458CFAA2B0B6CF90042F798 /* pemerr.h */ = {isa = PBXFileReference; fileEncoding = 4; lastKnownFileType = sourcecode.c.h; path = pemerr.h; sourceTree = "<group>"; };
		5458CFAB2B0B6CF90042F798 /* crmferr.h */ = {isa = PBXFileReference; fileEncoding = 4; lastKnownFileType = sourcecode.c.h; path = crmferr.h; sourceTree = "<group>"; };
		5458CFAC2B0B6CF90042F798 /* context.h */ = {isa = PBXFileReference; fileEncoding = 4; lastKnownFileType = sourcecode.c.h; path = context.h; sourceTree = "<group>"; };
		5458CFAD2B0B6CF90042F798 /* dso_conf.h */ = {isa = PBXFileReference; fileEncoding = 4; lastKnownFileType = sourcecode.c.h; path = dso_conf.h; sourceTree = "<group>"; };
		5458CFAE2B0B6CF90042F798 /* comperr.h */ = {isa = PBXFileReference; fileEncoding = 4; lastKnownFileType = sourcecode.c.h; path = comperr.h; sourceTree = "<group>"; };
		5458CFAF2B0B6CF90042F798 /* cterr.h */ = {isa = PBXFileReference; fileEncoding = 4; lastKnownFileType = sourcecode.c.h; path = cterr.h; sourceTree = "<group>"; };
		5458CFB02B0B6CF90042F798 /* riscv_arch.h */ = {isa = PBXFileReference; fileEncoding = 4; lastKnownFileType = sourcecode.c.h; path = riscv_arch.h; sourceTree = "<group>"; };
		5458CFB12B0B6CF90042F798 /* sm2.h */ = {isa = PBXFileReference; fileEncoding = 4; lastKnownFileType = sourcecode.c.h; path = sm2.h; sourceTree = "<group>"; };
		5458CFB22B0B6CF90042F798 /* punycode.h */ = {isa = PBXFileReference; fileEncoding = 4; lastKnownFileType = sourcecode.c.h; path = punycode.h; sourceTree = "<group>"; };
		5458CFB32B0B6CF90042F798 /* uierr.h */ = {isa = PBXFileReference; fileEncoding = 4; lastKnownFileType = sourcecode.c.h; path = uierr.h; sourceTree = "<group>"; };
		5458CFB42B0B6CF90042F798 /* x509v3err.h */ = {isa = PBXFileReference; fileEncoding = 4; lastKnownFileType = sourcecode.c.h; path = x509v3err.h; sourceTree = "<group>"; };
		5458CFB52B0B6CF90042F798 /* objects.h */ = {isa = PBXFileReference; fileEncoding = 4; lastKnownFileType = sourcecode.c.h; path = objects.h; sourceTree = "<group>"; };
		5458CFB62B0B6CF90042F798 /* bn_srp.h */ = {isa = PBXFileReference; fileEncoding = 4; lastKnownFileType = sourcecode.c.h; path = bn_srp.h; sourceTree = "<group>"; };
		5458CFB72B0B6CF90042F798 /* evperr.h */ = {isa = PBXFileReference; fileEncoding = 4; lastKnownFileType = sourcecode.c.h; path = evperr.h; sourceTree = "<group>"; };
		5458CFB82B0B6CF90042F798 /* pkcs7.h */ = {isa = PBXFileReference; fileEncoding = 4; lastKnownFileType = sourcecode.c.h; path = pkcs7.h; sourceTree = "<group>"; };
		5458CFB92B0B6CF90042F798 /* sparc_arch.h */ = {isa = PBXFileReference; fileEncoding = 4; lastKnownFileType = sourcecode.c.h; path = sparc_arch.h; sourceTree = "<group>"; };
		5458CFBA2B0B6CF90042F798 /* async.h */ = {isa = PBXFileReference; fileEncoding = 4; lastKnownFileType = sourcecode.c.h; path = async.h; sourceTree = "<group>"; };
		5458CFBB2B0B6CF90042F798 /* httperr.h */ = {isa = PBXFileReference; fileEncoding = 4; lastKnownFileType = sourcecode.c.h; path = httperr.h; sourceTree = "<group>"; };
		5458CFBC2B0B6CF90042F798 /* ppc_arch.h */ = {isa = PBXFileReference; fileEncoding = 4; lastKnownFileType = sourcecode.c.h; path = ppc_arch.h; sourceTree = "<group>"; };
		5458CFBD2B0B6CF90042F798 /* dherr.h */ = {isa = PBXFileReference; fileEncoding = 4; lastKnownFileType = sourcecode.c.h; path = dherr.h; sourceTree = "<group>"; };
		5458CFBE2B0B6CF90042F798 /* evp.h */ = {isa = PBXFileReference; fileEncoding = 4; lastKnownFileType = sourcecode.c.h; path = evp.h; sourceTree = "<group>"; };
		5458CFBF2B0B6CF90042F798 /* engineerr.h */ = {isa = PBXFileReference; fileEncoding = 4; lastKnownFileType = sourcecode.c.h; path = engineerr.h; sourceTree = "<group>"; };
		5458CFC02B0B6CF90042F798 /* pkcs12err.h */ = {isa = PBXFileReference; fileEncoding = 4; lastKnownFileType = sourcecode.c.h; path = pkcs12err.h; sourceTree = "<group>"; };
		5458CFC12B0B6CF90042F798 /* ctype.h */ = {isa = PBXFileReference; fileEncoding = 4; lastKnownFileType = sourcecode.c.h; path = ctype.h; sourceTree = "<group>"; };
		5458CFC22B0B6CF90042F798 /* encoder.h */ = {isa = PBXFileReference; fileEncoding = 4; lastKnownFileType = sourcecode.c.h; path = encoder.h; sourceTree = "<group>"; };
		5458CFC32B0B6CF90042F798 /* sm2err.h */ = {isa = PBXFileReference; fileEncoding = 4; lastKnownFileType = sourcecode.c.h; path = sm2err.h; sourceTree = "<group>"; };
		5458CFC42B0B6CF90042F798 /* ecx.h */ = {isa = PBXFileReference; fileEncoding = 4; lastKnownFileType = sourcecode.c.h; path = ecx.h; sourceTree = "<group>"; };
		5458CFC52B0B6CF90042F798 /* cryptlib.h */ = {isa = PBXFileReference; fileEncoding = 4; lastKnownFileType = sourcecode.c.h; path = cryptlib.h; sourceTree = "<group>"; };
		5458CFC62B0B6CF90042F798 /* sm4_platform.h */ = {isa = PBXFileReference; fileEncoding = 4; lastKnownFileType = sourcecode.c.h; path = sm4_platform.h; sourceTree = "<group>"; };
		5458CFC72B0B6CF90042F798 /* ec.h */ = {isa = PBXFileReference; fileEncoding = 4; lastKnownFileType = sourcecode.c.h; path = ec.h; sourceTree = "<group>"; };
		5458CFC82B0B6CF90042F798 /* rand.h */ = {isa = PBXFileReference; fileEncoding = 4; lastKnownFileType = sourcecode.c.h; path = rand.h; sourceTree = "<group>"; };
		5458CFC92B0B6CF90042F798 /* ecerr.h */ = {isa = PBXFileReference; fileEncoding = 4; lastKnownFileType = sourcecode.c.h; path = ecerr.h; sourceTree = "<group>"; };
		5458CFCA2B0B6CF90042F798 /* bn_dh.h */ = {isa = PBXFileReference; fileEncoding = 4; lastKnownFileType = sourcecode.c.h; path = bn_dh.h; sourceTree = "<group>"; };
		5458CFCB2B0B6CF90042F798 /* cryptoerr.h */ = {isa = PBXFileReference; fileEncoding = 4; lastKnownFileType = sourcecode.c.h; path = cryptoerr.h; sourceTree = "<group>"; };
		5458CFCC2B0B6CF90042F798 /* storeerr.h */ = {isa = PBXFileReference; fileEncoding = 4; lastKnownFileType = sourcecode.c.h; path = storeerr.h; sourceTree = "<group>"; };
		5458CFCD2B0B6CF90042F798 /* buffererr.h */ = {isa = PBXFileReference; fileEncoding = 4; lastKnownFileType = sourcecode.c.h; path = buffererr.h; sourceTree = "<group>"; };
		5458CFCE2B0B6CF90042F798 /* modes.h */ = {isa = PBXFileReference; fileEncoding = 4; lastKnownFileType = sourcecode.c.h; path = modes.h; sourceTree = "<group>"; };
		5458CFCF2B0B6CF90042F798 /* tserr.h */ = {isa = PBXFileReference; fileEncoding = 4; lastKnownFileType = sourcecode.c.h; path = tserr.h; sourceTree = "<group>"; };
		5458CFD02B0B6CF90042F798 /* rsa.h */ = {isa = PBXFileReference; fileEncoding = 4; lastKnownFileType = sourcecode.c.h; path = rsa.h; sourceTree = "<group>"; };
		5458CFD12B0B6CF90042F798 /* encodererr.h */ = {isa = PBXFileReference; fileEncoding = 4; lastKnownFileType = sourcecode.c.h; path = encodererr.h; sourceTree = "<group>"; };
		5458CFD22B0B6CF90042F798 /* cmperr.h */ = {isa = PBXFileReference; fileEncoding = 4; lastKnownFileType = sourcecode.c.h; path = cmperr.h; sourceTree = "<group>"; };
		5458CFD32B0B6CF90042F798 /* rsaerr.h */ = {isa = PBXFileReference; fileEncoding = 4; lastKnownFileType = sourcecode.c.h; path = rsaerr.h; sourceTree = "<group>"; };
		5458CFD42B0B6CF90042F798 /* randerr.h */ = {isa = PBXFileReference; fileEncoding = 4; lastKnownFileType = sourcecode.c.h; path = randerr.h; sourceTree = "<group>"; };
		5458CFD52B0B6CF90042F798 /* ocsperr.h */ = {isa = PBXFileReference; fileEncoding = 4; lastKnownFileType = sourcecode.c.h; path = ocsperr.h; sourceTree = "<group>"; };
		5458CFD62B0B6CF90042F798 /* x509err.h */ = {isa = PBXFileReference; fileEncoding = 4; lastKnownFileType = sourcecode.c.h; path = x509err.h; sourceTree = "<group>"; };
		5458CFD72B0B6CF90042F798 /* pkcs7err.h */ = {isa = PBXFileReference; fileEncoding = 4; lastKnownFileType = sourcecode.c.h; path = pkcs7err.h; sourceTree = "<group>"; };
		5458CFD82B0B6CF90042F798 /* rand_pool.h */ = {isa = PBXFileReference; fileEncoding = 4; lastKnownFileType = sourcecode.c.h; path = rand_pool.h; sourceTree = "<group>"; };
		5458CFD92B0B6CF90042F798 /* dsa.h */ = {isa = PBXFileReference; fileEncoding = 4; lastKnownFileType = sourcecode.c.h; path = dsa.h; sourceTree = "<group>"; };
		5458CFDA2B0B6CF90042F798 /* dsaerr.h */ = {isa = PBXFileReference; fileEncoding = 4; lastKnownFileType = sourcecode.c.h; path = dsaerr.h; sourceTree = "<group>"; };
		5458CFDB2B0B6CF90042F798 /* bnerr.h */ = {isa = PBXFileReference; fileEncoding = 4; lastKnownFileType = sourcecode.c.h; path = bnerr.h; sourceTree = "<group>"; };
		5458CFDC2B0B6CF90042F798 /* conferr.h */ = {isa = PBXFileReference; fileEncoding = 4; lastKnownFileType = sourcecode.c.h; path = conferr.h; sourceTree = "<group>"; };
		5458CFDD2B0B6CF90042F798 /* sm4.h */ = {isa = PBXFileReference; fileEncoding = 4; lastKnownFileType = sourcecode.c.h; path = sm4.h; sourceTree = "<group>"; };
		5458CFDE2B0B6CF90042F798 /* siv.h */ = {isa = PBXFileReference; fileEncoding = 4; lastKnownFileType = sourcecode.c.h; path = siv.h; sourceTree = "<group>"; };
		5458CFDF2B0B6CF90042F798 /* aria.h */ = {isa = PBXFileReference; fileEncoding = 4; lastKnownFileType = sourcecode.c.h; path = aria.h; sourceTree = "<group>"; };
		5458CFE02B0B6CF90042F798 /* store.h */ = {isa = PBXFileReference; fileEncoding = 4; lastKnownFileType = sourcecode.c.h; path = store.h; sourceTree = "<group>"; };
		5458CFE12B0B6CF90042F798 /* lhash.h */ = {isa = PBXFileReference; fileEncoding = 4; lastKnownFileType = sourcecode.c.h; path = lhash.h; sourceTree = "<group>"; };
		5458CFE22B0B6CF90042F798 /* ess.h */ = {isa = PBXFileReference; fileEncoding = 4; lastKnownFileType = sourcecode.c.h; path = ess.h; sourceTree = "<group>"; };
		5458CFE32B0B6CF90042F798 /* asn1err.h */ = {isa = PBXFileReference; fileEncoding = 4; lastKnownFileType = sourcecode.c.h; path = asn1err.h; sourceTree = "<group>"; };
		5458CFE42B0B6CF90042F798 /* des_platform.h */ = {isa = PBXFileReference; fileEncoding = 4; lastKnownFileType = sourcecode.c.h; path = des_platform.h; sourceTree = "<group>"; };
		5458CFE62B0B6CF90042F798 /* tsan_assist.h */ = {isa = PBXFileReference; fileEncoding = 4; lastKnownFileType = sourcecode.c.h; path = tsan_assist.h; sourceTree = "<group>"; };
		5458CFE72B0B6CF90042F798 /* err.h */ = {isa = PBXFileReference; fileEncoding = 4; lastKnownFileType = sourcecode.c.h; path = err.h; sourceTree = "<group>"; };
		5458CFE82B0B6CF90042F798 /* core.h */ = {isa = PBXFileReference; fileEncoding = 4; lastKnownFileType = sourcecode.c.h; path = core.h; sourceTree = "<group>"; };
		5458CFE92B0B6CF90042F798 /* numbers.h */ = {isa = PBXFileReference; fileEncoding = 4; lastKnownFileType = sourcecode.c.h; path = numbers.h; sourceTree = "<group>"; };
		5458CFEA2B0B6CF90042F798 /* e_os.h */ = {isa = PBXFileReference; fileEncoding = 4; lastKnownFileType = sourcecode.c.h; path = e_os.h; sourceTree = "<group>"; };
		5458CFEB2B0B6CF90042F798 /* propertyerr.h */ = {isa = PBXFileReference; fileEncoding = 4; lastKnownFileType = sourcecode.c.h; path = propertyerr.h; sourceTree = "<group>"; };
		5458CFEC2B0B6CF90042F798 /* sizes.h */ = {isa = PBXFileReference; fileEncoding = 4; lastKnownFileType = sourcecode.c.h; path = sizes.h; sourceTree = "<group>"; };
		5458CFED2B0B6CF90042F798 /* passphrase.h */ = {isa = PBXFileReference; fileEncoding = 4; lastKnownFileType = sourcecode.c.h; path = passphrase.h; sourceTree = "<group>"; };
		5458CFEE2B0B6CF90042F798 /* symhacks.h */ = {isa = PBXFileReference; fileEncoding = 4; lastKnownFileType = sourcecode.c.h; path = symhacks.h; sourceTree = "<group>"; };
		5458CFEF2B0B6CF90042F798 /* asn1.h */ = {isa = PBXFileReference; fileEncoding = 4; lastKnownFileType = sourcecode.c.h; path = asn1.h; sourceTree = "<group>"; };
		5458CFF02B0B6CF90042F798 /* dsoerr.h */ = {isa = PBXFileReference; fileEncoding = 4; lastKnownFileType = sourcecode.c.h; path = dsoerr.h; sourceTree = "<group>"; };
		5458CFF12B0B6CF90042F798 /* bio.h */ = {isa = PBXFileReference; fileEncoding = 4; lastKnownFileType = sourcecode.c.h; path = bio.h; sourceTree = "<group>"; };
		5458CFF22B0B6CF90042F798 /* __DECC_INCLUDE_PROLOGUE.H */ = {isa = PBXFileReference; fileEncoding = 4; lastKnownFileType = sourcecode.cpp.h; path = __DECC_INCLUDE_PROLOGUE.H; sourceTree = "<group>"; };
		5458CFF32B0B6CF90042F798 /* endian.h */ = {isa = PBXFileReference; fileEncoding = 4; lastKnownFileType = sourcecode.c.h; path = endian.h; sourceTree = "<group>"; };
		5458CFF42B0B6CF90042F798 /* conf.h */ = {isa = PBXFileReference; fileEncoding = 4; lastKnownFileType = sourcecode.c.h; path = conf.h; sourceTree = "<group>"; };
		5458CFF52B0B6CF90042F798 /* sha3.h */ = {isa = PBXFileReference; fileEncoding = 4; lastKnownFileType = sourcecode.c.h; path = sha3.h; sourceTree = "<group>"; };
		5458CFF62B0B6CF90042F798 /* __DECC_INCLUDE_EPILOGUE.H */ = {isa = PBXFileReference; fileEncoding = 4; lastKnownFileType = sourcecode.cpp.h; path = __DECC_INCLUDE_EPILOGUE.H; sourceTree = "<group>"; };
		5458CFF72B0B6CF90042F798 /* der.h */ = {isa = PBXFileReference; fileEncoding = 4; lastKnownFileType = sourcecode.c.h; path = der.h; sourceTree = "<group>"; };
		5458CFF82B0B6CF90042F798 /* dane.h */ = {isa = PBXFileReference; fileEncoding = 4; lastKnownFileType = sourcecode.c.h; path = dane.h; sourceTree = "<group>"; };
		5458CFF92B0B6CF90042F798 /* namemap.h */ = {isa = PBXFileReference; fileEncoding = 4; lastKnownFileType = sourcecode.c.h; path = namemap.h; sourceTree = "<group>"; };
		5458CFFA2B0B6CF90042F798 /* unicode.h */ = {isa = PBXFileReference; fileEncoding = 4; lastKnownFileType = sourcecode.c.h; path = unicode.h; sourceTree = "<group>"; };
		5458CFFB2B0B6CF90042F798 /* tlsgroups.h */ = {isa = PBXFileReference; fileEncoding = 4; lastKnownFileType = sourcecode.c.h; path = tlsgroups.h; sourceTree = "<group>"; };
		5458CFFC2B0B6CF90042F798 /* constant_time.h */ = {isa = PBXFileReference; fileEncoding = 4; lastKnownFileType = sourcecode.c.h; path = constant_time.h; sourceTree = "<group>"; };
		5458CFFD2B0B6CF90042F798 /* sockets.h */ = {isa = PBXFileReference; fileEncoding = 4; lastKnownFileType = sourcecode.c.h; path = sockets.h; sourceTree = "<group>"; };
		5458CFFE2B0B6CF90042F798 /* ktls.h */ = {isa = PBXFileReference; fileEncoding = 4; lastKnownFileType = sourcecode.c.h; path = ktls.h; sourceTree = "<group>"; };
		5458CFFF2B0B6CF90042F798 /* provider.h */ = {isa = PBXFileReference; fileEncoding = 4; lastKnownFileType = sourcecode.c.h; path = provider.h; sourceTree = "<group>"; };
		5458D0002B0B6CF90042F798 /* comp.h */ = {isa = PBXFileReference; fileEncoding = 4; lastKnownFileType = sourcecode.c.h; path = comp.h; sourceTree = "<group>"; };
		5458D0012B0B6CF90042F798 /* sm3.h */ = {isa = PBXFileReference; fileEncoding = 4; lastKnownFileType = sourcecode.c.h; path = sm3.h; sourceTree = "<group>"; };
		5458D0022B0B6CF90042F798 /* packet.h */ = {isa = PBXFileReference; fileEncoding = 4; lastKnownFileType = sourcecode.c.h; path = packet.h; sourceTree = "<group>"; };
		5458D0032B0B6CF90042F798 /* cryptlib.h */ = {isa = PBXFileReference; fileEncoding = 4; lastKnownFileType = sourcecode.c.h; path = cryptlib.h; sourceTree = "<group>"; };
		5458D0042B0B6CF90042F798 /* nelem.h */ = {isa = PBXFileReference; fileEncoding = 4; lastKnownFileType = sourcecode.c.h; path = nelem.h; sourceTree = "<group>"; };
		5458D0052B0B6CF90042F798 /* deprecated.h */ = {isa = PBXFileReference; fileEncoding = 4; lastKnownFileType = sourcecode.c.h; path = deprecated.h; sourceTree = "<group>"; };
		5458D0062B0B6CF90042F798 /* sslconf.h */ = {isa = PBXFileReference; fileEncoding = 4; lastKnownFileType = sourcecode.c.h; path = sslconf.h; sourceTree = "<group>"; };
		5458D0072B0B6CF90042F798 /* param_build_set.h */ = {isa = PBXFileReference; fileEncoding = 4; lastKnownFileType = sourcecode.c.h; path = param_build_set.h; sourceTree = "<group>"; };
		5458D0082B0B6CF90042F798 /* dso.h */ = {isa = PBXFileReference; fileEncoding = 4; lastKnownFileType = sourcecode.c.h; path = dso.h; sourceTree = "<group>"; };
		5458D0092B0B6CF90042F798 /* refcount.h */ = {isa = PBXFileReference; fileEncoding = 4; lastKnownFileType = sourcecode.c.h; path = refcount.h; sourceTree = "<group>"; };
		5458D00A2B0B6CF90042F798 /* property.h */ = {isa = PBXFileReference; fileEncoding = 4; lastKnownFileType = sourcecode.c.h; path = property.h; sourceTree = "<group>"; };
		5458D00B2B0B6CF90042F798 /* o_dir.h */ = {isa = PBXFileReference; fileEncoding = 4; lastKnownFileType = sourcecode.c.h; path = o_dir.h; sourceTree = "<group>"; };
		5458D00C2B0B6CF90042F798 /* ffc.h */ = {isa = PBXFileReference; fileEncoding = 4; lastKnownFileType = sourcecode.c.h; path = ffc.h; sourceTree = "<group>"; };
		5458D00D2B0B6CF90042F798 /* thread_once.h */ = {isa = PBXFileReference; fileEncoding = 4; lastKnownFileType = sourcecode.c.h; path = thread_once.h; sourceTree = "<group>"; };
		5458D00F2B0B6CF90042F798 /* pem2.h */ = {isa = PBXFileReference; fileEncoding = 4; lastKnownFileType = sourcecode.c.h; path = pem2.h; sourceTree = "<group>"; };
		5458D0102B0B6CF90042F798 /* kdf.h */ = {isa = PBXFileReference; fileEncoding = 4; lastKnownFileType = sourcecode.c.h; path = kdf.h; sourceTree = "<group>"; };
		5458D0112B0B6CF90042F798 /* fipskey.h.in */ = {isa = PBXFileReference; fileEncoding = 4; lastKnownFileType = text; path = fipskey.h.in; sourceTree = "<group>"; };
		5458D0122B0B6CF90042F798 /* pem.h */ = {isa = PBXFileReference; fileEncoding = 4; lastKnownFileType = sourcecode.c.h; path = pem.h; sourceTree = "<group>"; };
		5458D0132B0B6CF90042F798 /* asyncerr.h */ = {isa = PBXFileReference; fileEncoding = 4; lastKnownFileType = sourcecode.c.h; path = asyncerr.h; sourceTree = "<group>"; };
		5458D0142B0B6CF90042F798 /* md2.h */ = {isa = PBXFileReference; fileEncoding = 4; lastKnownFileType = sourcecode.c.h; path = md2.h; sourceTree = "<group>"; };
		5458D0152B0B6CF90042F798 /* ocsp.h.in */ = {isa = PBXFileReference; fileEncoding = 4; lastKnownFileType = text; path = ocsp.h.in; sourceTree = "<group>"; };
		5458D0162B0B6CF90042F798 /* ssl3.h */ = {isa = PBXFileReference; fileEncoding = 4; lastKnownFileType = sourcecode.c.h; path = ssl3.h; sourceTree = "<group>"; };
		5458D0172B0B6CF90042F798 /* ossl_typ.h */ = {isa = PBXFileReference; fileEncoding = 4; lastKnownFileType = sourcecode.c.h; path = ossl_typ.h; sourceTree = "<group>"; };
		5458D0182B0B6CF90042F798 /* pkcs7.h.in */ = {isa = PBXFileReference; fileEncoding = 4; lastKnownFileType = text; path = pkcs7.h.in; sourceTree = "<group>"; };
		5458D0192B0B6CF90042F798 /* x509.h.in */ = {isa = PBXFileReference; fileEncoding = 4; lastKnownFileType = text; path = x509.h.in; sourceTree = "<group>"; };
		5458D01A2B0B6CF90042F798 /* dtls1.h */ = {isa = PBXFileReference; fileEncoding = 4; lastKnownFileType = sourcecode.c.h; path = dtls1.h; sourceTree = "<group>"; };
		5458D01B2B0B6CF90042F798 /* cmp.h.in */ = {isa = PBXFileReference; fileEncoding = 4; lastKnownFileType = text; path = cmp.h.in; sourceTree = "<group>"; };
		5458D01C2B0B6CF90042F798 /* err.h */ = {isa = PBXFileReference; fileEncoding = 4; lastKnownFileType = sourcecode.c.h; path = err.h; sourceTree = "<group>"; };
		5458D01D2B0B6CF90042F798 /* bn.h */ = {isa = PBXFileReference; fileEncoding = 4; lastKnownFileType = sourcecode.c.h; path = bn.h; sourceTree = "<group>"; };
		5458D01E2B0B6CF90042F798 /* blowfish.h */ = {isa = PBXFileReference; fileEncoding = 4; lastKnownFileType = sourcecode.c.h; path = blowfish.h; sourceTree = "<group>"; };
		5458D01F2B0B6CF90042F798 /* cms.h */ = {isa = PBXFileReference; fileEncoding = 4; lastKnownFileType = sourcecode.c.h; path = cms.h; sourceTree = "<group>"; };
		5458D0202B0B6CF90042F798 /* engine.h */ = {isa = PBXFileReference; fileEncoding = 4; lastKnownFileType = sourcecode.c.h; path = engine.h; sourceTree = "<group>"; };
		5458D0212B0B6CF90042F798 /* crypto.h.in */ = {isa = PBXFileReference; fileEncoding = 4; lastKnownFileType = text; path = crypto.h.in; sourceTree = "<group>"; };
		5458D0222B0B6CF90042F798 /* conf_api.h */ = {isa = PBXFileReference; fileEncoding = 4; lastKnownFileType = sourcecode.c.h; path = conf_api.h; sourceTree = "<group>"; };
		5458D0232B0B6CF90042F798 /* esserr.h */ = {isa = PBXFileReference; fileEncoding = 4; lastKnownFileType = sourcecode.c.h; path = esserr.h; sourceTree = "<group>"; };
		5458D0242B0B6CF90042F798 /* core.h */ = {isa = PBXFileReference; fileEncoding = 4; lastKnownFileType = sourcecode.c.h; path = core.h; sourceTree = "<group>"; };
		5458D0252B0B6CF90042F798 /* x509.h */ = {isa = PBXFileReference; fileEncoding = 4; lastKnownFileType = sourcecode.c.h; path = x509.h; sourceTree = "<group>"; };
		5458D0262B0B6CF90042F798 /* asn1_mac.h */ = {isa = PBXFileReference; fileEncoding = 4; lastKnownFileType = sourcecode.c.h; path = asn1_mac.h; sourceTree = "<group>"; };
		5458D0272B0B6CF90042F798 /* objectserr.h */ = {isa = PBXFileReference; fileEncoding = 4; lastKnownFileType = sourcecode.c.h; path = objectserr.h; sourceTree = "<group>"; };
		5458D0282B0B6CF90042F798 /* params.h */ = {isa = PBXFileReference; fileEncoding = 4; lastKnownFileType = sourcecode.c.h; path = params.h; sourceTree = "<group>"; };
		5458D0292B0B6CF90042F798 /* cmserr.h */ = {isa = PBXFileReference; fileEncoding = 4; lastKnownFileType = sourcecode.c.h; path = cmserr.h; sourceTree = "<group>"; };
		5458D02A2B0B6CF90042F798 /* http.h */ = {isa = PBXFileReference; fileEncoding = 4; lastKnownFileType = sourcecode.c.h; path = http.h; sourceTree = "<group>"; };
		5458D02B2B0B6CF90042F798 /* asn1.h.in */ = {isa = PBXFileReference; fileEncoding = 4; lastKnownFileType = text; path = asn1.h.in; sourceTree = "<group>"; };
		5458D02C2B0B6CF90042F798 /* ui.h */ = {isa = PBXFileReference; fileEncoding = 4; lastKnownFileType = sourcecode.c.h; path = ui.h; sourceTree = "<group>"; };
		5458D02D2B0B6CF90042F798 /* sha.h */ = {isa = PBXFileReference; fileEncoding = 4; lastKnownFileType = sourcecode.c.h; path = sha.h; sourceTree = "<group>"; };
		5458D02E2B0B6CF90042F798 /* symhacks.h */ = {isa = PBXFileReference; fileEncoding = 4; lastKnownFileType = sourcecode.c.h; path = symhacks.h; sourceTree = "<group>"; };
		5458D02F2B0B6CF90042F798 /* asn1.h */ = {isa = PBXFileReference; fileEncoding = 4; lastKnownFileType = sourcecode.c.h; path = asn1.h; sourceTree = "<group>"; };
		5458D0302B0B6CF90042F798 /* bioerr.h */ = {isa = PBXFileReference; fileEncoding = 4; lastKnownFileType = sourcecode.c.h; path = bioerr.h; sourceTree = "<group>"; };
		5458D0312B0B6CF90042F798 /* opensslconf.h */ = {isa = PBXFileReference; fileEncoding = 4; lastKnownFileType = sourcecode.c.h; path = opensslconf.h; sourceTree = "<group>"; };
		5458D0322B0B6CF90042F798 /* conf.h.in */ = {isa = PBXFileReference; fileEncoding = 4; lastKnownFileType = text; path = conf.h.in; sourceTree = "<group>"; };
		5458D0332B0B6CF90042F798 /* bio.h */ = {isa = PBXFileReference; fileEncoding = 4; lastKnownFileType = sourcecode.c.h; path = bio.h; sourceTree = "<group>"; };
		5458D0342B0B6CF90042F798 /* rc2.h */ = {isa = PBXFileReference; fileEncoding = 4; lastKnownFileType = sourcecode.c.h; path = rc2.h; sourceTree = "<group>"; };
		5458D0352B0B6CF90042F798 /* types.h */ = {isa = PBXFileReference; fileEncoding = 4; lastKnownFileType = sourcecode.c.h; path = types.h; sourceTree = "<group>"; };
		5458D0362B0B6CF90042F798 /* dh.h */ = {isa = PBXFileReference; fileEncoding = 4; lastKnownFileType = sourcecode.c.h; path = dh.h; sourceTree = "<group>"; };
		5458D0372B0B6CF90042F798 /* cryptoerr_legacy.h */ = {isa = PBXFileReference; fileEncoding = 4; lastKnownFileType = sourcecode.c.h; path = cryptoerr_legacy.h; sourceTree = "<group>"; };
		5458D0382B0B6CF90042F798 /* __DECC_INCLUDE_PROLOGUE.H */ = {isa = PBXFileReference; fileEncoding = 4; lastKnownFileType = sourcecode.cpp.h; path = __DECC_INCLUDE_PROLOGUE.H; sourceTree = "<group>"; };
		5458D0392B0B6CF90042F798 /* proverr.h */ = {isa = PBXFileReference; fileEncoding = 4; lastKnownFileType = sourcecode.c.h; path = proverr.h; sourceTree = "<group>"; };
		5458D03A2B0B6CF90042F798 /* x509v3.h */ = {isa = PBXFileReference; fileEncoding = 4; lastKnownFileType = sourcecode.c.h; path = x509v3.h; sourceTree = "<group>"; };
		5458D03B2B0B6CF90042F798 /* core_object.h */ = {isa = PBXFileReference; fileEncoding = 4; lastKnownFileType = sourcecode.c.h; path = core_object.h; sourceTree = "<group>"; };
		5458D03C2B0B6CF90042F798 /* decodererr.h */ = {isa = PBXFileReference; fileEncoding = 4; lastKnownFileType = sourcecode.c.h; path = decodererr.h; sourceTree = "<group>"; };
		5458D03D2B0B6CF90042F798 /* param_build.h */ = {isa = PBXFileReference; fileEncoding = 4; lastKnownFileType = sourcecode.c.h; path = param_build.h; sourceTree = "<group>"; };
		5458D03E2B0B6CF90042F798 /* conf.h */ = {isa = PBXFileReference; fileEncoding = 4; lastKnownFileType = sourcecode.c.h; path = conf.h; sourceTree = "<group>"; };
		5458D03F2B0B6CF90042F798 /* conftypes.h */ = {isa = PBXFileReference; fileEncoding = 4; lastKnownFileType = sourcecode.c.h; path = conftypes.h; sourceTree = "<group>"; };
		5458D0402B0B6CF90042F798 /* __DECC_INCLUDE_EPILOGUE.H */ = {isa = PBXFileReference; fileEncoding = 4; lastKnownFileType = sourcecode.cpp.h; path = __DECC_INCLUDE_EPILOGUE.H; sourceTree = "<group>"; };
		5458D0412B0B6CF90042F798 /* md5.h */ = {isa = PBXFileReference; fileEncoding = 4; lastKnownFileType = sourcecode.c.h; path = md5.h; sourceTree = "<group>"; };
		5458D0422B0B6CF90042F798 /* srp.h.in */ = {isa = PBXFileReference; fileEncoding = 4; lastKnownFileType = text; path = srp.h.in; sourceTree = "<group>"; };
		5458D0432B0B6CF90042F798 /* decoder.h */ = {isa = PBXFileReference; fileEncoding = 4; lastKnownFileType = sourcecode.c.h; path = decoder.h; sourceTree = "<group>"; };
		5458D0442B0B6CF90042F798 /* pemerr.h */ = {isa = PBXFileReference; fileEncoding = 4; lastKnownFileType = sourcecode.c.h; path = pemerr.h; sourceTree = "<group>"; };
		5458D0452B0B6CF90042F798 /* crmferr.h */ = {isa = PBXFileReference; fileEncoding = 4; lastKnownFileType = sourcecode.c.h; path = crmferr.h; sourceTree = "<group>"; };
		5458D0462B0B6CF90042F798 /* x509_vfy.h */ = {isa = PBXFileReference; fileEncoding = 4; lastKnownFileType = sourcecode.c.h; path = x509_vfy.h; sourceTree = "<group>"; };
		5458D0472B0B6CF90042F798 /* txt_db.h */ = {isa = PBXFileReference; fileEncoding = 4; lastKnownFileType = sourcecode.c.h; path = txt_db.h; sourceTree = "<group>"; };
		5458D0482B0B6CF90042F798 /* cmp.h */ = {isa = PBXFileReference; fileEncoding = 4; lastKnownFileType = sourcecode.c.h; path = cmp.h; sourceTree = "<group>"; };
		5458D0492B0B6CF90042F798 /* comperr.h */ = {isa = PBXFileReference; fileEncoding = 4; lastKnownFileType = sourcecode.c.h; path = comperr.h; sourceTree = "<group>"; };
		5458D04A2B0B6CF90042F798 /* cterr.h */ = {isa = PBXFileReference; fileEncoding = 4; lastKnownFileType = sourcecode.c.h; path = cterr.h; sourceTree = "<group>"; };
		5458D04B2B0B6CF90042F798 /* self_test.h */ = {isa = PBXFileReference; fileEncoding = 4; lastKnownFileType = sourcecode.c.h; path = self_test.h; sourceTree = "<group>"; };
		5458D04C2B0B6CF90042F798 /* safestack.h */ = {isa = PBXFileReference; fileEncoding = 4; lastKnownFileType = sourcecode.c.h; path = safestack.h; sourceTree = "<group>"; };
		5458D04D2B0B6CF90042F798 /* configuration.h */ = {isa = PBXFileReference; fileEncoding = 4; lastKnownFileType = sourcecode.c.h; path = configuration.h; sourceTree = "<group>"; };
		5458D04E2B0B6CF90042F798 /* fips_names.h */ = {isa = PBXFileReference; fileEncoding = 4; lastKnownFileType = sourcecode.c.h; path = fips_names.h; sourceTree = "<group>"; };
		5458D04F2B0B6CF90042F798 /* ecdsa.h */ = {isa = PBXFileReference; fileEncoding = 4; lastKnownFileType = sourcecode.c.h; path = ecdsa.h; sourceTree = "<group>"; };
		5458D0502B0B6CF90042F798 /* sslerr.h */ = {isa = PBXFileReference; fileEncoding = 4; lastKnownFileType = sourcecode.c.h; path = sslerr.h; sourceTree = "<group>"; };
		5458D0512B0B6CF90042F798 /* prov_ssl.h */ = {isa = PBXFileReference; fileEncoding = 4; lastKnownFileType = sourcecode.c.h; path = prov_ssl.h; sourceTree = "<group>"; };
		5458D0522B0B6CF90042F798 /* fipskey.h */ = {isa = PBXFileReference; fileEncoding = 4; lastKnownFileType = sourcecode.c.h; path = fipskey.h; sourceTree = "<group>"; };
		5458D0532B0B6CF90042F798 /* rc5.h */ = {isa = PBXFileReference; fileEncoding = 4; lastKnownFileType = sourcecode.c.h; path = rc5.h; sourceTree = "<group>"; };
		5458D0542B0B6CF90042F798 /* pkcs12.h.in */ = {isa = PBXFileReference; fileEncoding = 4; lastKnownFileType = text; path = pkcs12.h.in; sourceTree = "<group>"; };
		5458D0552B0B6CF90042F798 /* uierr.h */ = {isa = PBXFileReference; fileEncoding = 4; lastKnownFileType = sourcecode.c.h; path = uierr.h; sourceTree = "<group>"; };
		5458D0562B0B6CF90042F798 /* x509v3err.h */ = {isa = PBXFileReference; fileEncoding = 4; lastKnownFileType = sourcecode.c.h; path = x509v3err.h; sourceTree = "<group>"; };
		5458D0572B0B6CF90042F798 /* objects.h */ = {isa = PBXFileReference; fileEncoding = 4; lastKnownFileType = sourcecode.c.h; path = objects.h; sourceTree = "<group>"; };
		5458D0582B0B6CF90042F798 /* pkcs12.h */ = {isa = PBXFileReference; fileEncoding = 4; lastKnownFileType = sourcecode.c.h; path = pkcs12.h; sourceTree = "<group>"; };
		5458D0592B0B6CF90042F798 /* crypto.h */ = {isa = PBXFileReference; fileEncoding = 4; lastKnownFileType = sourcecode.c.h; path = crypto.h; sourceTree = "<group>"; };
		5458D05A2B0B6CF90042F798 /* crmf.h */ = {isa = PBXFileReference; fileEncoding = 4; lastKnownFileType = sourcecode.c.h; path = crmf.h; sourceTree = "<group>"; };
		5458D05B2B0B6CF90042F798 /* lhash.h.in */ = {isa = PBXFileReference; fileEncoding = 4; lastKnownFileType = text; path = lhash.h.in; sourceTree = "<group>"; };
		5458D05C2B0B6CF90042F798 /* cmp_util.h */ = {isa = PBXFileReference; fileEncoding = 4; lastKnownFileType = sourcecode.c.h; path = cmp_util.h; sourceTree = "<group>"; };
		5458D05D2B0B6CF90042F798 /* opensslv.h */ = {isa = PBXFileReference; fileEncoding = 4; lastKnownFileType = sourcecode.c.h; path = opensslv.h; sourceTree = "<group>"; };
		5458D05E2B0B6CF90042F798 /* evperr.h */ = {isa = PBXFileReference; fileEncoding = 4; lastKnownFileType = sourcecode.c.h; path = evperr.h; sourceTree = "<group>"; };
		5458D05F2B0B6CF90042F798 /* pkcs7.h */ = {isa = PBXFileReference; fileEncoding = 4; lastKnownFileType = sourcecode.c.h; path = pkcs7.h; sourceTree = "<group>"; };
		5458D0602B0B6CF90042F798 /* obj_mac.h */ = {isa = PBXFileReference; fileEncoding = 4; lastKnownFileType = sourcecode.c.h; path = obj_mac.h; sourceTree = "<group>"; };
		5458D0612B0B6CF90042F798 /* ct.h */ = {isa = PBXFileReference; fileEncoding = 4; lastKnownFileType = sourcecode.c.h; path = ct.h; sourceTree = "<group>"; };
		5458D0622B0B6CF90042F798 /* crmf.h.in */ = {isa = PBXFileReference; fileEncoding = 4; lastKnownFileType = text; path = crmf.h.in; sourceTree = "<group>"; };
		5458D0632B0B6CF90042F798 /* async.h */ = {isa = PBXFileReference; fileEncoding = 4; lastKnownFileType = sourcecode.c.h; path = async.h; sourceTree = "<group>"; };
		5458D0642B0B6CF90042F798 /* configuration.h.in */ = {isa = PBXFileReference; fileEncoding = 4; lastKnownFileType = text; path = configuration.h.in; sourceTree = "<group>"; };
		5458D0652B0B6CF90042F798 /* ct.h.in */ = {isa = PBXFileReference; fileEncoding = 4; lastKnownFileType = text; path = ct.h.in; sourceTree = "<group>"; };
		5458D0662B0B6CF90042F798 /* buffer.h */ = {isa = PBXFileReference; fileEncoding = 4; lastKnownFileType = sourcecode.c.h; path = buffer.h; sourceTree = "<group>"; };
		5458D0672B0B6CF90042F798 /* ssl.h */ = {isa = PBXFileReference; fileEncoding = 4; lastKnownFileType = sourcecode.c.h; path = ssl.h; sourceTree = "<group>"; };
		5458D0682B0B6CF90042F798 /* srp.h */ = {isa = PBXFileReference; fileEncoding = 4; lastKnownFileType = sourcecode.c.h; path = srp.h; sourceTree = "<group>"; };
		5458D0692B0B6CF90042F798 /* camellia.h */ = {isa = PBXFileReference; fileEncoding = 4; lastKnownFileType = sourcecode.c.h; path = camellia.h; sourceTree = "<group>"; };
		5458D06A2B0B6CF90042F798 /* httperr.h */ = {isa = PBXFileReference; fileEncoding = 4; lastKnownFileType = sourcecode.c.h; path = httperr.h; sourceTree = "<group>"; };
		5458D06B2B0B6CF90042F798 /* dherr.h */ = {isa = PBXFileReference; fileEncoding = 4; lastKnownFileType = sourcecode.c.h; path = dherr.h; sourceTree = "<group>"; };
		5458D06C2B0B6CF90042F798 /* evp.h */ = {isa = PBXFileReference; fileEncoding = 4; lastKnownFileType = sourcecode.c.h; path = evp.h; sourceTree = "<group>"; };
		5458D06D2B0B6CF90042F798 /* e_os2.h */ = {isa = PBXFileReference; fileEncoding = 4; lastKnownFileType = sourcecode.c.h; path = e_os2.h; sourceTree = "<group>"; };
		5458D06E2B0B6CF90042F798 /* trace.h */ = {isa = PBXFileReference; fileEncoding = 4; lastKnownFileType = sourcecode.c.h; path = trace.h; sourceTree = "<group>"; };
		5458D06F2B0B6CF90042F798 /* md4.h */ = {isa = PBXFileReference; fileEncoding = 4; lastKnownFileType = sourcecode.c.h; path = md4.h; sourceTree = "<group>"; };
		5458D0702B0B6CF90042F798 /* core_names.h */ = {isa = PBXFileReference; fileEncoding = 4; lastKnownFileType = sourcecode.c.h; path = core_names.h; sourceTree = "<group>"; };
		5458D0712B0B6CF90042F798 /* hmac.h */ = {isa = PBXFileReference; fileEncoding = 4; lastKnownFileType = sourcecode.c.h; path = hmac.h; sourceTree = "<group>"; };
		5458D0722B0B6CF90042F798 /* opensslv.h.in */ = {isa = PBXFileReference; fileEncoding = 4; lastKnownFileType = text; path = opensslv.h.in; sourceTree = "<group>"; };
		5458D0732B0B6CF90042F798 /* provider.h */ = {isa = PBXFileReference; fileEncoding = 4; lastKnownFileType = sourcecode.c.h; path = provider.h; sourceTree = "<group>"; };
		5458D0742B0B6CF90042F798 /* aes.h */ = {isa = PBXFileReference; fileEncoding = 4; lastKnownFileType = sourcecode.c.h; path = aes.h; sourceTree = "<group>"; };
		5458D0752B0B6CF90042F798 /* engineerr.h */ = {isa = PBXFileReference; fileEncoding = 4; lastKnownFileType = sourcecode.c.h; path = engineerr.h; sourceTree = "<group>"; };
		5458D0762B0B6CF90042F798 /* comp.h */ = {isa = PBXFileReference; fileEncoding = 4; lastKnownFileType = sourcecode.c.h; path = comp.h; sourceTree = "<group>"; };
		5458D0772B0B6CF90042F798 /* macros.h */ = {isa = PBXFileReference; fileEncoding = 4; lastKnownFileType = sourcecode.c.h; path = macros.h; sourceTree = "<group>"; };
		5458D0782B0B6CF90042F798 /* pkcs12err.h */ = {isa = PBXFileReference; fileEncoding = 4; lastKnownFileType = sourcecode.c.h; path = pkcs12err.h; sourceTree = "<group>"; };
		5458D0792B0B6CF90042F798 /* encoder.h */ = {isa = PBXFileReference; fileEncoding = 4; lastKnownFileType = sourcecode.c.h; path = encoder.h; sourceTree = "<group>"; };
		5458D07A2B0B6CF90042F798 /* cast.h */ = {isa = PBXFileReference; fileEncoding = 4; lastKnownFileType = sourcecode.c.h; path = cast.h; sourceTree = "<group>"; };
		5458D07B2B0B6CF90042F798 /* sslerr_legacy.h */ = {isa = PBXFileReference; fileEncoding = 4; lastKnownFileType = sourcecode.c.h; path = sslerr_legacy.h; sourceTree = "<group>"; };
		5458D07C2B0B6CF90042F798 /* x509v3.h.in */ = {isa = PBXFileReference; fileEncoding = 4; lastKnownFileType = text; path = x509v3.h.in; sourceTree = "<group>"; };
		5458D07D2B0B6CF90042F798 /* ui.h.in */ = {isa = PBXFileReference; fileEncoding = 4; lastKnownFileType = text; path = ui.h.in; sourceTree = "<group>"; };
		5458D07E2B0B6CF90042F798 /* err.h.in */ = {isa = PBXFileReference; fileEncoding = 4; lastKnownFileType = text; path = err.h.in; sourceTree = "<group>"; };
		5458D07F2B0B6CF90042F798 /* rc4.h */ = {isa = PBXFileReference; fileEncoding = 4; lastKnownFileType = sourcecode.c.h; path = rc4.h; sourceTree = "<group>"; };
		5458D0802B0B6CF90042F798 /* stack.h */ = {isa = PBXFileReference; fileEncoding = 4; lastKnownFileType = sourcecode.c.h; path = stack.h; sourceTree = "<group>"; };
		5458D0812B0B6CF90042F798 /* des.h */ = {isa = PBXFileReference; fileEncoding = 4; lastKnownFileType = sourcecode.c.h; path = des.h; sourceTree = "<group>"; };
		5458D0822B0B6CF90042F798 /* ocsp.h */ = {isa = PBXFileReference; fileEncoding = 4; lastKnownFileType = sourcecode.c.h; path = ocsp.h; sourceTree = "<group>"; };
		5458D0832B0B6CF90042F798 /* ec.h */ = {isa = PBXFileReference; fileEncoding = 4; lastKnownFileType = sourcecode.c.h; path = ec.h; sourceTree = "<group>"; };
		5458D0842B0B6CF90042F798 /* asn1t.h.in */ = {isa = PBXFileReference; fileEncoding = 4; lastKnownFileType = text; path = asn1t.h.in; sourceTree = "<group>"; };
		5458D0852B0B6CF90042F798 /* safestack.h.in */ = {isa = PBXFileReference; fileEncoding = 4; lastKnownFileType = text; path = safestack.h.in; sourceTree = "<group>"; };
		5458D0862B0B6CF90042F798 /* ecdh.h */ = {isa = PBXFileReference; fileEncoding = 4; lastKnownFileType = sourcecode.c.h; path = ecdh.h; sourceTree = "<group>"; };
		5458D0872B0B6CF90042F798 /* rand.h */ = {isa = PBXFileReference; fileEncoding = 4; lastKnownFileType = sourcecode.c.h; path = rand.h; sourceTree = "<group>"; };
		5458D0882B0B6CF90042F798 /* ecerr.h */ = {isa = PBXFileReference; fileEncoding = 4; lastKnownFileType = sourcecode.c.h; path = ecerr.h; sourceTree = "<group>"; };
		5458D0892B0B6CF90042F798 /* ts.h */ = {isa = PBXFileReference; fileEncoding = 4; lastKnownFileType = sourcecode.c.h; path = ts.h; sourceTree = "<group>"; };
		5458D08A2B0B6CF90042F798 /* ssl.h.in */ = {isa = PBXFileReference; fileEncoding = 4; lastKnownFileType = text; path = ssl.h.in; sourceTree = "<group>"; };
		5458D08B2B0B6CF90042F798 /* core_dispatch.h */ = {isa = PBXFileReference; fileEncoding = 4; lastKnownFileType = sourcecode.c.h; path = core_dispatch.h; sourceTree = "<group>"; };
		5458D08C2B0B6CF90042F798 /* cryptoerr.h */ = {isa = PBXFileReference; fileEncoding = 4; lastKnownFileType = sourcecode.c.h; path = cryptoerr.h; sourceTree = "<group>"; };
		5458D08D2B0B6CF90042F798 /* storeerr.h */ = {isa = PBXFileReference; fileEncoding = 4; lastKnownFileType = sourcecode.c.h; path = storeerr.h; sourceTree = "<group>"; };
		5458D08E2B0B6CF90042F798 /* buffererr.h */ = {isa = PBXFileReference; fileEncoding = 4; lastKnownFileType = sourcecode.c.h; path = buffererr.h; sourceTree = "<group>"; };
		5458D08F2B0B6CF90042F798 /* seed.h */ = {isa = PBXFileReference; fileEncoding = 4; lastKnownFileType = sourcecode.c.h; path = seed.h; sourceTree = "<group>"; };
		5458D0902B0B6CF90042F798 /* ess.h.in */ = {isa = PBXFileReference; fileEncoding = 4; lastKnownFileType = text; path = ess.h.in; sourceTree = "<group>"; };
		5458D0912B0B6CF90042F798 /* modes.h */ = {isa = PBXFileReference; fileEncoding = 4; lastKnownFileType = sourcecode.c.h; path = modes.h; sourceTree = "<group>"; };
		5458D0922B0B6CF90042F798 /* ssl2.h */ = {isa = PBXFileReference; fileEncoding = 4; lastKnownFileType = sourcecode.c.h; path = ssl2.h; sourceTree = "<group>"; };
		5458D0932B0B6CF90042F798 /* tserr.h */ = {isa = PBXFileReference; fileEncoding = 4; lastKnownFileType = sourcecode.c.h; path = tserr.h; sourceTree = "<group>"; };
		5458D0942B0B6CF90042F798 /* rsa.h */ = {isa = PBXFileReference; fileEncoding = 4; lastKnownFileType = sourcecode.c.h; path = rsa.h; sourceTree = "<group>"; };
		5458D0952B0B6CF90042F798 /* ripemd.h */ = {isa = PBXFileReference; fileEncoding = 4; lastKnownFileType = sourcecode.c.h; path = ripemd.h; sourceTree = "<group>"; };
		5458D0962B0B6CF90042F798 /* whrlpool.h */ = {isa = PBXFileReference; fileEncoding = 4; lastKnownFileType = sourcecode.c.h; path = whrlpool.h; sourceTree = "<group>"; };
		5458D0972B0B6CF90042F798 /* encodererr.h */ = {isa = PBXFileReference; fileEncoding = 4; lastKnownFileType = sourcecode.c.h; path = encodererr.h; sourceTree = "<group>"; };
		5458D0982B0B6CF90042F798 /* cmperr.h */ = {isa = PBXFileReference; fileEncoding = 4; lastKnownFileType = sourcecode.c.h; path = cmperr.h; sourceTree = "<group>"; };
		5458D0992B0B6CF90042F798 /* tls1.h */ = {isa = PBXFileReference; fileEncoding = 4; lastKnownFileType = sourcecode.c.h; path = tls1.h; sourceTree = "<group>"; };
		5458D09A2B0B6CF90042F798 /* rsaerr.h */ = {isa = PBXFileReference; fileEncoding = 4; lastKnownFileType = sourcecode.c.h; path = rsaerr.h; sourceTree = "<group>"; };
		5458D09B2B0B6CF90042F798 /* randerr.h */ = {isa = PBXFileReference; fileEncoding = 4; lastKnownFileType = sourcecode.c.h; path = randerr.h; sourceTree = "<group>"; };
		5458D09C2B0B6CF90042F798 /* mdc2.h */ = {isa = PBXFileReference; fileEncoding = 4; lastKnownFileType = sourcecode.c.h; path = mdc2.h; sourceTree = "<group>"; };
		5458D09D2B0B6CF90042F798 /* ocsperr.h */ = {isa = PBXFileReference; fileEncoding = 4; lastKnownFileType = sourcecode.c.h; path = ocsperr.h; sourceTree = "<group>"; };
		5458D09E2B0B6CF90042F798 /* x509err.h */ = {isa = PBXFileReference; fileEncoding = 4; lastKnownFileType = sourcecode.c.h; path = x509err.h; sourceTree = "<group>"; };
		5458D09F2B0B6CF90042F798 /* pkcs7err.h */ = {isa = PBXFileReference; fileEncoding = 4; lastKnownFileType = sourcecode.c.h; path = pkcs7err.h; sourceTree = "<group>"; };
		5458D0A02B0B6CF90042F798 /* x509_vfy.h.in */ = {isa = PBXFileReference; fileEncoding = 4; lastKnownFileType = text; path = x509_vfy.h.in; sourceTree = "<group>"; };
		5458D0A12B0B6CF90042F798 /* dsa.h */ = {isa = PBXFileReference; fileEncoding = 4; lastKnownFileType = sourcecode.c.h; path = dsa.h; sourceTree = "<group>"; };
		5458D0A22B0B6CF90042F798 /* kdferr.h */ = {isa = PBXFileReference; fileEncoding = 4; lastKnownFileType = sourcecode.c.h; path = kdferr.h; sourceTree = "<group>"; };
		5458D0A32B0B6CF90042F798 /* srtp.h */ = {isa = PBXFileReference; fileEncoding = 4; lastKnownFileType = sourcecode.c.h; path = srtp.h; sourceTree = "<group>"; };
		5458D0A42B0B6CF90042F798 /* asn1t.h */ = {isa = PBXFileReference; fileEncoding = 4; lastKnownFileType = sourcecode.c.h; path = asn1t.h; sourceTree = "<group>"; };
		5458D0A52B0B6CF90042F798 /* dsaerr.h */ = {isa = PBXFileReference; fileEncoding = 4; lastKnownFileType = sourcecode.c.h; path = dsaerr.h; sourceTree = "<group>"; };
		5458D0A62B0B6CF90042F798 /* bnerr.h */ = {isa = PBXFileReference; fileEncoding = 4; lastKnownFileType = sourcecode.c.h; path = bnerr.h; sourceTree = "<group>"; };
		5458D0A72B0B6CF90042F798 /* bio.h.in */ = {isa = PBXFileReference; fileEncoding = 4; lastKnownFileType = text; path = bio.h.in; sourceTree = "<group>"; };
		5458D0A82B0B6CF90042F798 /* conferr.h */ = {isa = PBXFileReference; fileEncoding = 4; lastKnownFileType = sourcecode.c.h; path = conferr.h; sourceTree = "<group>"; };
		5458D0A92B0B6CF90042F798 /* cmac.h */ = {isa = PBXFileReference; fileEncoding = 4; lastKnownFileType = sourcecode.c.h; path = cmac.h; sourceTree = "<group>"; };
		5458D0AA2B0B6CF90042F798 /* ebcdic.h */ = {isa = PBXFileReference; fileEncoding = 4; lastKnownFileType = sourcecode.c.h; path = ebcdic.h; sourceTree = "<group>"; };
		5458D0AB2B0B6CF90042F798 /* store.h */ = {isa = PBXFileReference; fileEncoding = 4; lastKnownFileType = sourcecode.c.h; path = store.h; sourceTree = "<group>"; };
		5458D0AC2B0B6CF90042F798 /* idea.h */ = {isa = PBXFileReference; fileEncoding = 4; lastKnownFileType = sourcecode.c.h; path = idea.h; sourceTree = "<group>"; };
		5458D0AD2B0B6CF90042F798 /* lhash.h */ = {isa = PBXFileReference; fileEncoding = 4; lastKnownFileType = sourcecode.c.h; path = lhash.h; sourceTree = "<group>"; };
		5458D0AE2B0B6CF90042F798 /* ess.h */ = {isa = PBXFileReference; fileEncoding = 4; lastKnownFileType = sourcecode.c.h; path = ess.h; sourceTree = "<group>"; };
		5458D0AF2B0B6CF90042F798 /* cms.h.in */ = {isa = PBXFileReference; fileEncoding = 4; lastKnownFileType = text; path = cms.h.in; sourceTree = "<group>"; };
		5458D0B02B0B6CF90042F798 /* asn1err.h */ = {isa = PBXFileReference; fileEncoding = 4; lastKnownFileType = sourcecode.c.h; path = asn1err.h; sourceTree = "<group>"; };
		5458D0CD2B0B6F3D0042F798 /* publicKey.pem */ = {isa = PBXFileReference; fileEncoding = 4; lastKnownFileType = text; name = publicKey.pem; path = ../../publicKey.pem; sourceTree = "<group>"; };
		5458D0CE2B0B6F3D0042F798 /* 1.sig */ = {isa = PBXFileReference; lastKnownFileType = file; name = 1.sig; path = ../../1.sig; sourceTree = "<group>"; };
		5458D0CF2B0B6F3D0042F798 /* Left1.cfg */ = {isa = PBXFileReference; fileEncoding = 4; lastKnownFileType = text; name = Left1.cfg; path = ../../Left1.cfg; sourceTree = "<group>"; };
		54BC1FCB2B0C7BD00091A829 /* privareKey.pem */ = {isa = PBXFileReference; fileEncoding = 4; lastKnownFileType = text; name = privareKey.pem; path = ../../privareKey.pem; sourceTree = "<group>"; };
/* End PBXFileReference section */

/* Begin PBXFrameworksBuildPhase section */
		5458CE062B0B5A1B0042F798 /* Frameworks */ = {
			isa = PBXFrameworksBuildPhase;
			buildActionMask = 2147483647;
			files = (
				5458CF6F2B0B6C680042F798 /* libssl.a in Frameworks */,
				5458CF6B2B0B6C680042F798 /* libcrypto.a in Frameworks */,
			);
			runOnlyForDeploymentPostprocessing = 0;
		};
		5458CE212B0B5A1D0042F798 /* Frameworks */ = {
			isa = PBXFrameworksBuildPhase;
			buildActionMask = 2147483647;
			files = (
			);
			runOnlyForDeploymentPostprocessing = 0;
		};
		5458CE2B2B0B5A1D0042F798 /* Frameworks */ = {
			isa = PBXFrameworksBuildPhase;
			buildActionMask = 2147483647;
			files = (
			);
			runOnlyForDeploymentPostprocessing = 0;
		};
/* End PBXFrameworksBuildPhase section */

/* Begin PBXGroup section */
		5458CE002B0B5A1B0042F798 = {
			isa = PBXGroup;
			children = (
				5458CE0B2B0B5A1B0042F798 /* OpenSSLDemo */,
				5458CE272B0B5A1D0042F798 /* OpenSSLDemoTests */,
				5458CE312B0B5A1D0042F798 /* OpenSSLDemoUITests */,
				5458CE0A2B0B5A1B0042F798 /* Products */,
			);
			sourceTree = "<group>";
		};
		5458CE0A2B0B5A1B0042F798 /* Products */ = {
			isa = PBXGroup;
			children = (
				5458CE092B0B5A1B0042F798 /* OpenSSLDemo.app */,
				5458CE242B0B5A1D0042F798 /* OpenSSLDemoTests.xctest */,
				5458CE2E2B0B5A1D0042F798 /* OpenSSLDemoUITests.xctest */,
			);
			name = Products;
			sourceTree = "<group>";
		};
		5458CE0B2B0B5A1B0042F798 /* OpenSSLDemo */ = {
			isa = PBXGroup;
			children = (
				5458CE0C2B0B5A1B0042F798 /* AppDelegate.h */,
				5458CE0D2B0B5A1B0042F798 /* AppDelegate.m */,
				5458CE0F2B0B5A1B0042F798 /* SceneDelegate.h */,
				5458CE102B0B5A1B0042F798 /* SceneDelegate.m */,
				5458CE122B0B5A1B0042F798 /* ViewController.h */,
				5458CE132B0B5A1B0042F798 /* ViewController.mm */,
				5458CE412B0B6C670042F798 /* openssl_64 */,
				5458D0CE2B0B6F3D0042F798 /* 1.sig */,
				5458D0CF2B0B6F3D0042F798 /* Left1.cfg */,
				5458D0CD2B0B6F3D0042F798 /* publicKey.pem */,
				54BC1FCB2B0C7BD00091A829 /* privareKey.pem */,
				5458CE152B0B5A1B0042F798 /* Main.storyboard */,
				5458CE182B0B5A1C0042F798 /* Assets.xcassets */,
				5458CE1A2B0B5A1C0042F798 /* LaunchScreen.storyboard */,
				5458CE1D2B0B5A1C0042F798 /* Info.plist */,
				5458CE1E2B0B5A1C0042F798 /* main.m */,
				541B80B52B0F56480048766C /* README.md */,
			);
			path = OpenSSLDemo;
			sourceTree = "<group>";
		};
		5458CE272B0B5A1D0042F798 /* OpenSSLDemoTests */ = {
			isa = PBXGroup;
			children = (
				5458CE282B0B5A1D0042F798 /* OpenSSLDemoTests.m */,
			);
			path = OpenSSLDemoTests;
			sourceTree = "<group>";
		};
		5458CE312B0B5A1D0042F798 /* OpenSSLDemoUITests */ = {
			isa = PBXGroup;
			children = (
				5458CE322B0B5A1D0042F798 /* OpenSSLDemoUITests.m */,
				5458CE342B0B5A1D0042F798 /* OpenSSLDemoUITestsLaunchTests.m */,
			);
			path = OpenSSLDemoUITests;
			sourceTree = "<group>";
		};
		5458CE412B0B6C670042F798 /* openssl_64 */ = {
			isa = PBXGroup;
			children = (
				5458CF892B0B6CF90042F798 /* include */,
				5458CE422B0B6C670042F798 /* libcrypto.a */,
				5458CEC72B0B6C670042F798 /* libssl.a */,
			);
			path = openssl_64;
			sourceTree = "<group>";
		};
		5458CF892B0B6CF90042F798 /* include */ = {
			isa = PBXGroup;
			children = (
				5458CF8A2B0B6CF90042F798 /* crypto */,
				5458CFE52B0B6CF90042F798 /* internal */,
				5458D00E2B0B6CF90042F798 /* openssl */,
			);
			path = include;
			sourceTree = "<group>";
		};
		5458CF8A2B0B6CF90042F798 /* crypto */ = {
			isa = PBXGroup;
			children = (
				5458CF8B2B0B6CF90042F798 /* pem.h */,
				5458CF8C2B0B6CF90042F798 /* asyncerr.h */,
				5458CF8D2B0B6CF90042F798 /* md32_common.h */,
				5458CF8E2B0B6CF90042F798 /* err.h */,
				5458CF8F2B0B6CF90042F798 /* bn.h */,
				5458CF902B0B6CF90042F798 /* security_bits.h */,
				5458CF912B0B6CF90042F798 /* engine.h */,
				5458CF922B0B6CF90042F798 /* aes_platform.h */,
				5458CF932B0B6CF90042F798 /* esserr.h */,
				5458CF942B0B6CF90042F798 /* x509.h */,
				5458CF952B0B6CF90042F798 /* bn_conf.h.in */,
				5458CF962B0B6CF90042F798 /* objectserr.h */,
				5458CF972B0B6CF90042F798 /* asn1_dsa.h */,
				5458CF982B0B6CF90042F798 /* cmserr.h */,
				5458CF992B0B6CF90042F798 /* sparse_array.h */,
				5458CF9A2B0B6CF90042F798 /* sha.h */,
				5458CF9B2B0B6CF90042F798 /* asn1.h */,
				5458CF9C2B0B6CF90042F798 /* chacha.h */,
				5458CF9D2B0B6CF90042F798 /* bioerr.h */,
				5458CF9E2B0B6CF90042F798 /* types.h */,
				5458CF9F2B0B6CF90042F798 /* dh.h */,
				5458CFA02B0B6CF90042F798 /* dso_conf.h.in */,
				5458CFA12B0B6CF90042F798 /* __DECC_INCLUDE_PROLOGUE.H */,
				5458CFA22B0B6CF90042F798 /* decodererr.h */,
				5458CFA32B0B6CF90042F798 /* riscv_arch.def */,
				5458CFA42B0B6CF90042F798 /* cmll_platform.h */,
				5458CFA52B0B6CF90042F798 /* poly1305.h */,
				5458CFA62B0B6CF90042F798 /* __DECC_INCLUDE_EPILOGUE.H */,
				5458CFA72B0B6CF90042F798 /* siphash.h */,
				5458CFA82B0B6CF90042F798 /* bn_conf.h */,
				5458CFA92B0B6CF90042F798 /* decoder.h */,
				5458CFAA2B0B6CF90042F798 /* pemerr.h */,
				5458CFAB2B0B6CF90042F798 /* crmferr.h */,
				5458CFAC2B0B6CF90042F798 /* context.h */,
				5458CFAD2B0B6CF90042F798 /* dso_conf.h */,
				5458CFAE2B0B6CF90042F798 /* comperr.h */,
				5458CFAF2B0B6CF90042F798 /* cterr.h */,
				5458CFB02B0B6CF90042F798 /* riscv_arch.h */,
				5458CFB12B0B6CF90042F798 /* sm2.h */,
				5458CFB22B0B6CF90042F798 /* punycode.h */,
				5458CFB32B0B6CF90042F798 /* uierr.h */,
				5458CFB42B0B6CF90042F798 /* x509v3err.h */,
				5458CFB52B0B6CF90042F798 /* objects.h */,
				5458CFB62B0B6CF90042F798 /* bn_srp.h */,
				5458CFB72B0B6CF90042F798 /* evperr.h */,
				5458CFB82B0B6CF90042F798 /* pkcs7.h */,
				5458CFB92B0B6CF90042F798 /* sparc_arch.h */,
				5458CFBA2B0B6CF90042F798 /* async.h */,
				5458CFBB2B0B6CF90042F798 /* httperr.h */,
				5458CFBC2B0B6CF90042F798 /* ppc_arch.h */,
				5458CFBD2B0B6CF90042F798 /* dherr.h */,
				5458CFBE2B0B6CF90042F798 /* evp.h */,
				5458CFBF2B0B6CF90042F798 /* engineerr.h */,
				5458CFC02B0B6CF90042F798 /* pkcs12err.h */,
				5458CFC12B0B6CF90042F798 /* ctype.h */,
				5458CFC22B0B6CF90042F798 /* encoder.h */,
				5458CFC32B0B6CF90042F798 /* sm2err.h */,
				5458CFC42B0B6CF90042F798 /* ecx.h */,
				5458CFC52B0B6CF90042F798 /* cryptlib.h */,
				5458CFC62B0B6CF90042F798 /* sm4_platform.h */,
				5458CFC72B0B6CF90042F798 /* ec.h */,
				5458CFC82B0B6CF90042F798 /* rand.h */,
				5458CFC92B0B6CF90042F798 /* ecerr.h */,
				5458CFCA2B0B6CF90042F798 /* bn_dh.h */,
				5458CFCB2B0B6CF90042F798 /* cryptoerr.h */,
				5458CFCC2B0B6CF90042F798 /* storeerr.h */,
				5458CFCD2B0B6CF90042F798 /* buffererr.h */,
				5458CFCE2B0B6CF90042F798 /* modes.h */,
				5458CFCF2B0B6CF90042F798 /* tserr.h */,
				5458CFD02B0B6CF90042F798 /* rsa.h */,
				5458CFD12B0B6CF90042F798 /* encodererr.h */,
				5458CFD22B0B6CF90042F798 /* cmperr.h */,
				5458CFD32B0B6CF90042F798 /* rsaerr.h */,
				5458CFD42B0B6CF90042F798 /* randerr.h */,
				5458CFD52B0B6CF90042F798 /* ocsperr.h */,
				5458CFD62B0B6CF90042F798 /* x509err.h */,
				5458CFD72B0B6CF90042F798 /* pkcs7err.h */,
				5458CFD82B0B6CF90042F798 /* rand_pool.h */,
				5458CFD92B0B6CF90042F798 /* dsa.h */,
				5458CFDA2B0B6CF90042F798 /* dsaerr.h */,
				5458CFDB2B0B6CF90042F798 /* bnerr.h */,
				5458CFDC2B0B6CF90042F798 /* conferr.h */,
				5458CFDD2B0B6CF90042F798 /* sm4.h */,
				5458CFDE2B0B6CF90042F798 /* siv.h */,
				5458CFDF2B0B6CF90042F798 /* aria.h */,
				5458CFE02B0B6CF90042F798 /* store.h */,
				5458CFE12B0B6CF90042F798 /* lhash.h */,
				5458CFE22B0B6CF90042F798 /* ess.h */,
				5458CFE32B0B6CF90042F798 /* asn1err.h */,
				5458CFE42B0B6CF90042F798 /* des_platform.h */,
			);
			path = crypto;
			sourceTree = "<group>";
		};
		5458CFE52B0B6CF90042F798 /* internal */ = {
			isa = PBXGroup;
			children = (
				5458CFE62B0B6CF90042F798 /* tsan_assist.h */,
				5458CFE72B0B6CF90042F798 /* err.h */,
				5458CFE82B0B6CF90042F798 /* core.h */,
				5458CFE92B0B6CF90042F798 /* numbers.h */,
				5458CFEA2B0B6CF90042F798 /* e_os.h */,
				5458CFEB2B0B6CF90042F798 /* propertyerr.h */,
				5458CFEC2B0B6CF90042F798 /* sizes.h */,
				5458CFED2B0B6CF90042F798 /* passphrase.h */,
				5458CFEE2B0B6CF90042F798 /* symhacks.h */,
				5458CFEF2B0B6CF90042F798 /* asn1.h */,
				5458CFF02B0B6CF90042F798 /* dsoerr.h */,
				5458CFF12B0B6CF90042F798 /* bio.h */,
				5458CFF22B0B6CF90042F798 /* __DECC_INCLUDE_PROLOGUE.H */,
				5458CFF32B0B6CF90042F798 /* endian.h */,
				5458CFF42B0B6CF90042F798 /* conf.h */,
				5458CFF52B0B6CF90042F798 /* sha3.h */,
				5458CFF62B0B6CF90042F798 /* __DECC_INCLUDE_EPILOGUE.H */,
				5458CFF72B0B6CF90042F798 /* der.h */,
				5458CFF82B0B6CF90042F798 /* dane.h */,
				5458CFF92B0B6CF90042F798 /* namemap.h */,
				5458CFFA2B0B6CF90042F798 /* unicode.h */,
				5458CFFB2B0B6CF90042F798 /* tlsgroups.h */,
				5458CFFC2B0B6CF90042F798 /* constant_time.h */,
				5458CFFD2B0B6CF90042F798 /* sockets.h */,
				5458CFFE2B0B6CF90042F798 /* ktls.h */,
				5458CFFF2B0B6CF90042F798 /* provider.h */,
				5458D0002B0B6CF90042F798 /* comp.h */,
				5458D0012B0B6CF90042F798 /* sm3.h */,
				5458D0022B0B6CF90042F798 /* packet.h */,
				5458D0032B0B6CF90042F798 /* cryptlib.h */,
				5458D0042B0B6CF90042F798 /* nelem.h */,
				5458D0052B0B6CF90042F798 /* deprecated.h */,
				5458D0062B0B6CF90042F798 /* sslconf.h */,
				5458D0072B0B6CF90042F798 /* param_build_set.h */,
				5458D0082B0B6CF90042F798 /* dso.h */,
				5458D0092B0B6CF90042F798 /* refcount.h */,
				5458D00A2B0B6CF90042F798 /* property.h */,
				5458D00B2B0B6CF90042F798 /* o_dir.h */,
				5458D00C2B0B6CF90042F798 /* ffc.h */,
				5458D00D2B0B6CF90042F798 /* thread_once.h */,
			);
			path = internal;
			sourceTree = "<group>";
		};
		5458D00E2B0B6CF90042F798 /* openssl */ = {
			isa = PBXGroup;
			children = (
				5458D00F2B0B6CF90042F798 /* pem2.h */,
				5458D0102B0B6CF90042F798 /* kdf.h */,
				5458D0112B0B6CF90042F798 /* fipskey.h.in */,
				5458D0122B0B6CF90042F798 /* pem.h */,
				5458D0132B0B6CF90042F798 /* asyncerr.h */,
				5458D0142B0B6CF90042F798 /* md2.h */,
				5458D0152B0B6CF90042F798 /* ocsp.h.in */,
				5458D0162B0B6CF90042F798 /* ssl3.h */,
				5458D0172B0B6CF90042F798 /* ossl_typ.h */,
				5458D0182B0B6CF90042F798 /* pkcs7.h.in */,
				5458D0192B0B6CF90042F798 /* x509.h.in */,
				5458D01A2B0B6CF90042F798 /* dtls1.h */,
				5458D01B2B0B6CF90042F798 /* cmp.h.in */,
				5458D01C2B0B6CF90042F798 /* err.h */,
				5458D01D2B0B6CF90042F798 /* bn.h */,
				5458D01E2B0B6CF90042F798 /* blowfish.h */,
				5458D01F2B0B6CF90042F798 /* cms.h */,
				5458D0202B0B6CF90042F798 /* engine.h */,
				5458D0212B0B6CF90042F798 /* crypto.h.in */,
				5458D0222B0B6CF90042F798 /* conf_api.h */,
				5458D0232B0B6CF90042F798 /* esserr.h */,
				5458D0242B0B6CF90042F798 /* core.h */,
				5458D0252B0B6CF90042F798 /* x509.h */,
				5458D0262B0B6CF90042F798 /* asn1_mac.h */,
				5458D0272B0B6CF90042F798 /* objectserr.h */,
				5458D0282B0B6CF90042F798 /* params.h */,
				5458D0292B0B6CF90042F798 /* cmserr.h */,
				5458D02A2B0B6CF90042F798 /* http.h */,
				5458D02B2B0B6CF90042F798 /* asn1.h.in */,
				5458D02C2B0B6CF90042F798 /* ui.h */,
				5458D02D2B0B6CF90042F798 /* sha.h */,
				5458D02E2B0B6CF90042F798 /* symhacks.h */,
				5458D02F2B0B6CF90042F798 /* asn1.h */,
				5458D0302B0B6CF90042F798 /* bioerr.h */,
				5458D0312B0B6CF90042F798 /* opensslconf.h */,
				5458D0322B0B6CF90042F798 /* conf.h.in */,
				5458D0332B0B6CF90042F798 /* bio.h */,
				5458D0342B0B6CF90042F798 /* rc2.h */,
				5458D0352B0B6CF90042F798 /* types.h */,
				5458D0362B0B6CF90042F798 /* dh.h */,
				5458D0372B0B6CF90042F798 /* cryptoerr_legacy.h */,
				5458D0382B0B6CF90042F798 /* __DECC_INCLUDE_PROLOGUE.H */,
				5458D0392B0B6CF90042F798 /* proverr.h */,
				5458D03A2B0B6CF90042F798 /* x509v3.h */,
				5458D03B2B0B6CF90042F798 /* core_object.h */,
				5458D03C2B0B6CF90042F798 /* decodererr.h */,
				5458D03D2B0B6CF90042F798 /* param_build.h */,
				5458D03E2B0B6CF90042F798 /* conf.h */,
				5458D03F2B0B6CF90042F798 /* conftypes.h */,
				5458D0402B0B6CF90042F798 /* __DECC_INCLUDE_EPILOGUE.H */,
				5458D0412B0B6CF90042F798 /* md5.h */,
				5458D0422B0B6CF90042F798 /* srp.h.in */,
				5458D0432B0B6CF90042F798 /* decoder.h */,
				5458D0442B0B6CF90042F798 /* pemerr.h */,
				5458D0452B0B6CF90042F798 /* crmferr.h */,
				5458D0462B0B6CF90042F798 /* x509_vfy.h */,
				5458D0472B0B6CF90042F798 /* txt_db.h */,
				5458D0482B0B6CF90042F798 /* cmp.h */,
				5458D0492B0B6CF90042F798 /* comperr.h */,
				5458D04A2B0B6CF90042F798 /* cterr.h */,
				5458D04B2B0B6CF90042F798 /* self_test.h */,
				5458D04C2B0B6CF90042F798 /* safestack.h */,
				5458D04D2B0B6CF90042F798 /* configuration.h */,
				5458D04E2B0B6CF90042F798 /* fips_names.h */,
				5458D04F2B0B6CF90042F798 /* ecdsa.h */,
				5458D0502B0B6CF90042F798 /* sslerr.h */,
				5458D0512B0B6CF90042F798 /* prov_ssl.h */,
				5458D0522B0B6CF90042F798 /* fipskey.h */,
				5458D0532B0B6CF90042F798 /* rc5.h */,
				5458D0542B0B6CF90042F798 /* pkcs12.h.in */,
				5458D0552B0B6CF90042F798 /* uierr.h */,
				5458D0562B0B6CF90042F798 /* x509v3err.h */,
				5458D0572B0B6CF90042F798 /* objects.h */,
				5458D0582B0B6CF90042F798 /* pkcs12.h */,
				5458D0592B0B6CF90042F798 /* crypto.h */,
				5458D05A2B0B6CF90042F798 /* crmf.h */,
				5458D05B2B0B6CF90042F798 /* lhash.h.in */,
				5458D05C2B0B6CF90042F798 /* cmp_util.h */,
				5458D05D2B0B6CF90042F798 /* opensslv.h */,
				5458D05E2B0B6CF90042F798 /* evperr.h */,
				5458D05F2B0B6CF90042F798 /* pkcs7.h */,
				5458D0602B0B6CF90042F798 /* obj_mac.h */,
				5458D0612B0B6CF90042F798 /* ct.h */,
				5458D0622B0B6CF90042F798 /* crmf.h.in */,
				5458D0632B0B6CF90042F798 /* async.h */,
				5458D0642B0B6CF90042F798 /* configuration.h.in */,
				5458D0652B0B6CF90042F798 /* ct.h.in */,
				5458D0662B0B6CF90042F798 /* buffer.h */,
				5458D0672B0B6CF90042F798 /* ssl.h */,
				5458D0682B0B6CF90042F798 /* srp.h */,
				5458D0692B0B6CF90042F798 /* camellia.h */,
				5458D06A2B0B6CF90042F798 /* httperr.h */,
				5458D06B2B0B6CF90042F798 /* dherr.h */,
				5458D06C2B0B6CF90042F798 /* evp.h */,
				5458D06D2B0B6CF90042F798 /* e_os2.h */,
				5458D06E2B0B6CF90042F798 /* trace.h */,
				5458D06F2B0B6CF90042F798 /* md4.h */,
				5458D0702B0B6CF90042F798 /* core_names.h */,
				5458D0712B0B6CF90042F798 /* hmac.h */,
				5458D0722B0B6CF90042F798 /* opensslv.h.in */,
				5458D0732B0B6CF90042F798 /* provider.h */,
				5458D0742B0B6CF90042F798 /* aes.h */,
				5458D0752B0B6CF90042F798 /* engineerr.h */,
				5458D0762B0B6CF90042F798 /* comp.h */,
				5458D0772B0B6CF90042F798 /* macros.h */,
				5458D0782B0B6CF90042F798 /* pkcs12err.h */,
				5458D0792B0B6CF90042F798 /* encoder.h */,
				5458D07A2B0B6CF90042F798 /* cast.h */,
				5458D07B2B0B6CF90042F798 /* sslerr_legacy.h */,
				5458D07C2B0B6CF90042F798 /* x509v3.h.in */,
				5458D07D2B0B6CF90042F798 /* ui.h.in */,
				5458D07E2B0B6CF90042F798 /* err.h.in */,
				5458D07F2B0B6CF90042F798 /* rc4.h */,
				5458D0802B0B6CF90042F798 /* stack.h */,
				5458D0812B0B6CF90042F798 /* des.h */,
				5458D0822B0B6CF90042F798 /* ocsp.h */,
				5458D0832B0B6CF90042F798 /* ec.h */,
				5458D0842B0B6CF90042F798 /* asn1t.h.in */,
				5458D0852B0B6CF90042F798 /* safestack.h.in */,
				5458D0862B0B6CF90042F798 /* ecdh.h */,
				5458D0872B0B6CF90042F798 /* rand.h */,
				5458D0882B0B6CF90042F798 /* ecerr.h */,
				5458D0892B0B6CF90042F798 /* ts.h */,
				5458D08A2B0B6CF90042F798 /* ssl.h.in */,
				5458D08B2B0B6CF90042F798 /* core_dispatch.h */,
				5458D08C2B0B6CF90042F798 /* cryptoerr.h */,
				5458D08D2B0B6CF90042F798 /* storeerr.h */,
				5458D08E2B0B6CF90042F798 /* buffererr.h */,
				5458D08F2B0B6CF90042F798 /* seed.h */,
				5458D0902B0B6CF90042F798 /* ess.h.in */,
				5458D0912B0B6CF90042F798 /* modes.h */,
				5458D0922B0B6CF90042F798 /* ssl2.h */,
				5458D0932B0B6CF90042F798 /* tserr.h */,
				5458D0942B0B6CF90042F798 /* rsa.h */,
				5458D0952B0B6CF90042F798 /* ripemd.h */,
				5458D0962B0B6CF90042F798 /* whrlpool.h */,
				5458D0972B0B6CF90042F798 /* encodererr.h */,
				5458D0982B0B6CF90042F798 /* cmperr.h */,
				5458D0992B0B6CF90042F798 /* tls1.h */,
				5458D09A2B0B6CF90042F798 /* rsaerr.h */,
				5458D09B2B0B6CF90042F798 /* randerr.h */,
				5458D09C2B0B6CF90042F798 /* mdc2.h */,
				5458D09D2B0B6CF90042F798 /* ocsperr.h */,
				5458D09E2B0B6CF90042F798 /* x509err.h */,
				5458D09F2B0B6CF90042F798 /* pkcs7err.h */,
				5458D0A02B0B6CF90042F798 /* x509_vfy.h.in */,
				5458D0A12B0B6CF90042F798 /* dsa.h */,
				5458D0A22B0B6CF90042F798 /* kdferr.h */,
				5458D0A32B0B6CF90042F798 /* srtp.h */,
				5458D0A42B0B6CF90042F798 /* asn1t.h */,
				5458D0A52B0B6CF90042F798 /* dsaerr.h */,
				5458D0A62B0B6CF90042F798 /* bnerr.h */,
				5458D0A72B0B6CF90042F798 /* bio.h.in */,
				5458D0A82B0B6CF90042F798 /* conferr.h */,
				5458D0A92B0B6CF90042F798 /* cmac.h */,
				5458D0AA2B0B6CF90042F798 /* ebcdic.h */,
				5458D0AB2B0B6CF90042F798 /* store.h */,
				5458D0AC2B0B6CF90042F798 /* idea.h */,
				5458D0AD2B0B6CF90042F798 /* lhash.h */,
				5458D0AE2B0B6CF90042F798 /* ess.h */,
				5458D0AF2B0B6CF90042F798 /* cms.h.in */,
				5458D0B02B0B6CF90042F798 /* asn1err.h */,
			);
			path = openssl;
			sourceTree = "<group>";
		};
/* End PBXGroup section */

/* Begin PBXNativeTarget section */
		5458CE082B0B5A1B0042F798 /* OpenSSLDemo */ = {
			isa = PBXNativeTarget;
			buildConfigurationList = 5458CE382B0B5A1D0042F798 /* Build configuration list for PBXNativeTarget "OpenSSLDemo" */;
			buildPhases = (
				5458CE052B0B5A1B0042F798 /* Sources */,
				5458CE062B0B5A1B0042F798 /* Frameworks */,
				5458CE072B0B5A1B0042F798 /* Resources */,
			);
			buildRules = (
			);
			dependencies = (
			);
			name = OpenSSLDemo;
			productName = OpenSSLTest;
			productReference = 5458CE092B0B5A1B0042F798 /* OpenSSLDemo.app */;
			productType = "com.apple.product-type.application";
		};
		5458CE232B0B5A1D0042F798 /* OpenSSLDemoTests */ = {
			isa = PBXNativeTarget;
			buildConfigurationList = 5458CE3B2B0B5A1D0042F798 /* Build configuration list for PBXNativeTarget "OpenSSLDemoTests" */;
			buildPhases = (
				5458CE202B0B5A1D0042F798 /* Sources */,
				5458CE212B0B5A1D0042F798 /* Frameworks */,
				5458CE222B0B5A1D0042F798 /* Resources */,
			);
			buildRules = (
			);
			dependencies = (
				5458CE262B0B5A1D0042F798 /* PBXTargetDependency */,
			);
			name = OpenSSLDemoTests;
			productName = OpenSSLTestTests;
			productReference = 5458CE242B0B5A1D0042F798 /* OpenSSLDemoTests.xctest */;
			productType = "com.apple.product-type.bundle.unit-test";
		};
		5458CE2D2B0B5A1D0042F798 /* OpenSSLDemoUITests */ = {
			isa = PBXNativeTarget;
			buildConfigurationList = 5458CE3E2B0B5A1D0042F798 /* Build configuration list for PBXNativeTarget "OpenSSLDemoUITests" */;
			buildPhases = (
				5458CE2A2B0B5A1D0042F798 /* Sources */,
				5458CE2B2B0B5A1D0042F798 /* Frameworks */,
				5458CE2C2B0B5A1D0042F798 /* Resources */,
			);
			buildRules = (
			);
			dependencies = (
				5458CE302B0B5A1D0042F798 /* PBXTargetDependency */,
			);
			name = OpenSSLDemoUITests;
			productName = OpenSSLTestUITests;
			productReference = 5458CE2E2B0B5A1D0042F798 /* OpenSSLDemoUITests.xctest */;
			productType = "com.apple.product-type.bundle.ui-testing";
		};
/* End PBXNativeTarget section */

/* Begin PBXProject section */
		5458CE012B0B5A1B0042F798 /* Project object */ = {
			isa = PBXProject;
			attributes = {
				BuildIndependentTargetsInParallel = 1;
				LastUpgradeCheck = 1500;
				TargetAttributes = {
					5458CE082B0B5A1B0042F798 = {
						CreatedOnToolsVersion = 15.0.1;
					};
					5458CE232B0B5A1D0042F798 = {
						CreatedOnToolsVersion = 15.0.1;
						TestTargetID = 5458CE082B0B5A1B0042F798;
					};
					5458CE2D2B0B5A1D0042F798 = {
						CreatedOnToolsVersion = 15.0.1;
						TestTargetID = 5458CE082B0B5A1B0042F798;
					};
				};
			};
			buildConfigurationList = 5458CE042B0B5A1B0042F798 /* Build configuration list for PBXProject "OpenSSLDemo" */;
			compatibilityVersion = "Xcode 14.0";
			developmentRegion = en;
			hasScannedForEncodings = 0;
			knownRegions = (
				en,
				Base,
			);
			mainGroup = 5458CE002B0B5A1B0042F798;
			productRefGroup = 5458CE0A2B0B5A1B0042F798 /* Products */;
			projectDirPath = "";
			projectRoot = "";
			targets = (
				5458CE082B0B5A1B0042F798 /* OpenSSLDemo */,
				5458CE232B0B5A1D0042F798 /* OpenSSLDemoTests */,
				5458CE2D2B0B5A1D0042F798 /* OpenSSLDemoUITests */,
			);
		};
/* End PBXProject section */

/* Begin PBXResourcesBuildPhase section */
		5458CE072B0B5A1B0042F798 /* Resources */ = {
			isa = PBXResourcesBuildPhase;
			buildActionMask = 2147483647;
			files = (
				5458D0D12B0B6F3D0042F798 /* 1.sig in Resources */,
				5458D0C32B0B6CF90042F798 /* x509v3.h.in in Resources */,
				5458D0B22B0B6CF90042F798 /* dso_conf.h.in in Resources */,
				5458D0C82B0B6CF90042F798 /* ssl.h.in in Resources */,
				5458D0C62B0B6CF90042F798 /* asn1t.h.in in Resources */,
				5458D0CB2B0B6CF90042F798 /* bio.h.in in Resources */,
				541B80B62B0F56480048766C /* README.md in Resources */,
				5458D0D02B0B6F3D0042F798 /* publicKey.pem in Resources */,
				5458D0BC2B0B6CF90042F798 /* srp.h.in in Resources */,
				5458D0C02B0B6CF90042F798 /* configuration.h.in in Resources */,
				5458D0C12B0B6CF90042F798 /* ct.h.in in Resources */,
				5458D0CA2B0B6CF90042F798 /* x509_vfy.h.in in Resources */,
				5458D0C92B0B6CF90042F798 /* ess.h.in in Resources */,
				5458D0B72B0B6CF90042F798 /* x509.h.in in Resources */,
				5458D0B32B0B6CF90042F798 /* riscv_arch.def in Resources */,
				5458D0CC2B0B6CF90042F798 /* cms.h.in in Resources */,
				5458D0B62B0B6CF90042F798 /* pkcs7.h.in in Resources */,
				5458D0B92B0B6CF90042F798 /* crypto.h.in in Resources */,
				5458D0C72B0B6CF90042F798 /* safestack.h.in in Resources */,
				5458CE1C2B0B5A1C0042F798 /* LaunchScreen.storyboard in Resources */,
				5458CE192B0B5A1C0042F798 /* Assets.xcassets in Resources */,
				5458D0B52B0B6CF90042F798 /* ocsp.h.in in Resources */,
				5458CE172B0B5A1B0042F798 /* Main.storyboard in Resources */,
				54BC1FCC2B0C7BD00091A829 /* privareKey.pem in Resources */,
				5458D0C52B0B6CF90042F798 /* err.h.in in Resources */,
				5458D0C42B0B6CF90042F798 /* ui.h.in in Resources */,
				5458D0BA2B0B6CF90042F798 /* asn1.h.in in Resources */,
				5458D0B42B0B6CF90042F798 /* fipskey.h.in in Resources */,
				5458D0B82B0B6CF90042F798 /* cmp.h.in in Resources */,
				5458D0BE2B0B6CF90042F798 /* lhash.h.in in Resources */,
				5458D0BB2B0B6CF90042F798 /* conf.h.in in Resources */,
				5458D0B12B0B6CF90042F798 /* bn_conf.h.in in Resources */,
				5458D0C22B0B6CF90042F798 /* opensslv.h.in in Resources */,
				5458D0D22B0B6F3D0042F798 /* Left1.cfg in Resources */,
				5458D0BD2B0B6CF90042F798 /* pkcs12.h.in in Resources */,
				5458D0BF2B0B6CF90042F798 /* crmf.h.in in Resources */,
			);
			runOnlyForDeploymentPostprocessing = 0;
		};
		5458CE222B0B5A1D0042F798 /* Resources */ = {
			isa = PBXResourcesBuildPhase;
			buildActionMask = 2147483647;
			files = (
			);
			runOnlyForDeploymentPostprocessing = 0;
		};
		5458CE2C2B0B5A1D0042F798 /* Resources */ = {
			isa = PBXResourcesBuildPhase;
			buildActionMask = 2147483647;
			files = (
			);
			runOnlyForDeploymentPostprocessing = 0;
		};
/* End PBXResourcesBuildPhase section */

/* Begin PBXSourcesBuildPhase section */
		5458CE052B0B5A1B0042F798 /* Sources */ = {
			isa = PBXSourcesBuildPhase;
			buildActionMask = 2147483647;
			files = (
				5458CE142B0B5A1B0042F798 /* ViewController.mm in Sources */,
				5458CE0E2B0B5A1B0042F798 /* AppDelegate.m in Sources */,
				5458CE1F2B0B5A1C0042F798 /* main.m in Sources */,
				5458CE112B0B5A1B0042F798 /* SceneDelegate.m in Sources */,
			);
			runOnlyForDeploymentPostprocessing = 0;
		};
		5458CE202B0B5A1D0042F798 /* Sources */ = {
			isa = PBXSourcesBuildPhase;
			buildActionMask = 2147483647;
			files = (
				5458CE292B0B5A1D0042F798 /* OpenSSLDemoTests.m in Sources */,
			);
			runOnlyForDeploymentPostprocessing = 0;
		};
		5458CE2A2B0B5A1D0042F798 /* Sources */ = {
			isa = PBXSourcesBuildPhase;
			buildActionMask = 2147483647;
			files = (
				5458CE332B0B5A1D0042F798 /* OpenSSLDemoUITests.m in Sources */,
				5458CE352B0B5A1D0042F798 /* OpenSSLDemoUITestsLaunchTests.m in Sources */,
			);
			runOnlyForDeploymentPostprocessing = 0;
		};
/* End PBXSourcesBuildPhase section */

/* Begin PBXTargetDependency section */
		5458CE262B0B5A1D0042F798 /* PBXTargetDependency */ = {
			isa = PBXTargetDependency;
			target = 5458CE082B0B5A1B0042F798 /* OpenSSLDemo */;
			targetProxy = 5458CE252B0B5A1D0042F798 /* PBXContainerItemProxy */;
		};
		5458CE302B0B5A1D0042F798 /* PBXTargetDependency */ = {
			isa = PBXTargetDependency;
			target = 5458CE082B0B5A1B0042F798 /* OpenSSLDemo */;
			targetProxy = 5458CE2F2B0B5A1D0042F798 /* PBXContainerItemProxy */;
		};
/* End PBXTargetDependency section */

/* Begin PBXVariantGroup section */
		5458CE152B0B5A1B0042F798 /* Main.storyboard */ = {
			isa = PBXVariantGroup;
			children = (
				5458CE162B0B5A1B0042F798 /* Base */,
			);
			name = Main.storyboard;
			sourceTree = "<group>";
		};
		5458CE1A2B0B5A1C0042F798 /* LaunchScreen.storyboard */ = {
			isa = PBXVariantGroup;
			children = (
				5458CE1B2B0B5A1C0042F798 /* Base */,
			);
			name = LaunchScreen.storyboard;
			sourceTree = "<group>";
		};
/* End PBXVariantGroup section */

/* Begin XCBuildConfiguration section */
		5458CE362B0B5A1D0042F798 /* Debug */ = {
			isa = XCBuildConfiguration;
			buildSettings = {
				ALWAYS_SEARCH_USER_PATHS = NO;
				ASSETCATALOG_COMPILER_GENERATE_SWIFT_ASSET_SYMBOL_EXTENSIONS = YES;
				CLANG_ANALYZER_NONNULL = YES;
				CLANG_ANALYZER_NUMBER_OBJECT_CONVERSION = YES_AGGRESSIVE;
				CLANG_CXX_LANGUAGE_STANDARD = "gnu++20";
				CLANG_ENABLE_MODULES = YES;
				CLANG_ENABLE_OBJC_ARC = YES;
				CLANG_ENABLE_OBJC_WEAK = YES;
				CLANG_WARN_BLOCK_CAPTURE_AUTORELEASING = YES;
				CLANG_WARN_BOOL_CONVERSION = YES;
				CLANG_WARN_COMMA = YES;
				CLANG_WARN_CONSTANT_CONVERSION = YES;
				CLANG_WARN_DEPRECATED_OBJC_IMPLEMENTATIONS = YES;
				CLANG_WARN_DIRECT_OBJC_ISA_USAGE = YES_ERROR;
				CLANG_WARN_DOCUMENTATION_COMMENTS = YES;
				CLANG_WARN_EMPTY_BODY = YES;
				CLANG_WARN_ENUM_CONVERSION = YES;
				CLANG_WARN_INFINITE_RECURSION = YES;
				CLANG_WARN_INT_CONVERSION = YES;
				CLANG_WARN_NON_LITERAL_NULL_CONVERSION = YES;
				CLANG_WARN_OBJC_IMPLICIT_RETAIN_SELF = YES;
				CLANG_WARN_OBJC_LITERAL_CONVERSION = YES;
				CLANG_WARN_OBJC_ROOT_CLASS = YES_ERROR;
				CLANG_WARN_QUOTED_INCLUDE_IN_FRAMEWORK_HEADER = YES;
				CLANG_WARN_RANGE_LOOP_ANALYSIS = YES;
				CLANG_WARN_STRICT_PROTOTYPES = YES;
				CLANG_WARN_SUSPICIOUS_MOVE = YES;
				CLANG_WARN_UNGUARDED_AVAILABILITY = YES_AGGRESSIVE;
				CLANG_WARN_UNREACHABLE_CODE = YES;
				CLANG_WARN__DUPLICATE_METHOD_MATCH = YES;
				COPY_PHASE_STRIP = NO;
				DEBUG_INFORMATION_FORMAT = dwarf;
				ENABLE_STRICT_OBJC_MSGSEND = YES;
				ENABLE_TESTABILITY = YES;
				ENABLE_USER_SCRIPT_SANDBOXING = YES;
				GCC_C_LANGUAGE_STANDARD = gnu17;
				GCC_DYNAMIC_NO_PIC = NO;
				GCC_NO_COMMON_BLOCKS = YES;
				GCC_OPTIMIZATION_LEVEL = 0;
				GCC_PREPROCESSOR_DEFINITIONS = (
					"DEBUG=1",
					"$(inherited)",
				);
				GCC_WARN_64_TO_32_BIT_CONVERSION = YES;
				GCC_WARN_ABOUT_RETURN_TYPE = YES_ERROR;
				GCC_WARN_UNDECLARED_SELECTOR = YES;
				GCC_WARN_UNINITIALIZED_AUTOS = YES_AGGRESSIVE;
				GCC_WARN_UNUSED_FUNCTION = YES;
				GCC_WARN_UNUSED_VARIABLE = YES;
				IPHONEOS_DEPLOYMENT_TARGET = 17.0;
				LOCALIZATION_PREFERS_STRING_CATALOGS = YES;
				MTL_ENABLE_DEBUG_INFO = INCLUDE_SOURCE;
				MTL_FAST_MATH = YES;
				ONLY_ACTIVE_ARCH = YES;
				SDKROOT = iphoneos;
			};
			name = Debug;
		};
		5458CE372B0B5A1D0042F798 /* Release */ = {
			isa = XCBuildConfiguration;
			buildSettings = {
				ALWAYS_SEARCH_USER_PATHS = NO;
				ASSETCATALOG_COMPILER_GENERATE_SWIFT_ASSET_SYMBOL_EXTENSIONS = YES;
				CLANG_ANALYZER_NONNULL = YES;
				CLANG_ANALYZER_NUMBER_OBJECT_CONVERSION = YES_AGGRESSIVE;
				CLANG_CXX_LANGUAGE_STANDARD = "gnu++20";
				CLANG_ENABLE_MODULES = YES;
				CLANG_ENABLE_OBJC_ARC = YES;
				CLANG_ENABLE_OBJC_WEAK = YES;
				CLANG_WARN_BLOCK_CAPTURE_AUTORELEASING = YES;
				CLANG_WARN_BOOL_CONVERSION = YES;
				CLANG_WARN_COMMA = YES;
				CLANG_WARN_CONSTANT_CONVERSION = YES;
				CLANG_WARN_DEPRECATED_OBJC_IMPLEMENTATIONS = YES;
				CLANG_WARN_DIRECT_OBJC_ISA_USAGE = YES_ERROR;
				CLANG_WARN_DOCUMENTATION_COMMENTS = YES;
				CLANG_WARN_EMPTY_BODY = YES;
				CLANG_WARN_ENUM_CONVERSION = YES;
				CLANG_WARN_INFINITE_RECURSION = YES;
				CLANG_WARN_INT_CONVERSION = YES;
				CLANG_WARN_NON_LITERAL_NULL_CONVERSION = YES;
				CLANG_WARN_OBJC_IMPLICIT_RETAIN_SELF = YES;
				CLANG_WARN_OBJC_LITERAL_CONVERSION = YES;
				CLANG_WARN_OBJC_ROOT_CLASS = YES_ERROR;
				CLANG_WARN_QUOTED_INCLUDE_IN_FRAMEWORK_HEADER = YES;
				CLANG_WARN_RANGE_LOOP_ANALYSIS = YES;
				CLANG_WARN_STRICT_PROTOTYPES = YES;
				CLANG_WARN_SUSPICIOUS_MOVE = YES;
				CLANG_WARN_UNGUARDED_AVAILABILITY = YES_AGGRESSIVE;
				CLANG_WARN_UNREACHABLE_CODE = YES;
				CLANG_WARN__DUPLICATE_METHOD_MATCH = YES;
				COPY_PHASE_STRIP = NO;
				DEBUG_INFORMATION_FORMAT = "dwarf-with-dsym";
				ENABLE_NS_ASSERTIONS = NO;
				ENABLE_STRICT_OBJC_MSGSEND = YES;
				ENABLE_USER_SCRIPT_SANDBOXING = YES;
				GCC_C_LANGUAGE_STANDARD = gnu17;
				GCC_NO_COMMON_BLOCKS = YES;
				GCC_WARN_64_TO_32_BIT_CONVERSION = YES;
				GCC_WARN_ABOUT_RETURN_TYPE = YES_ERROR;
				GCC_WARN_UNDECLARED_SELECTOR = YES;
				GCC_WARN_UNINITIALIZED_AUTOS = YES_AGGRESSIVE;
				GCC_WARN_UNUSED_FUNCTION = YES;
				GCC_WARN_UNUSED_VARIABLE = YES;
				IPHONEOS_DEPLOYMENT_TARGET = 17.0;
				LOCALIZATION_PREFERS_STRING_CATALOGS = YES;
				MTL_ENABLE_DEBUG_INFO = NO;
				MTL_FAST_MATH = YES;
				SDKROOT = iphoneos;
				VALIDATE_PRODUCT = YES;
			};
			name = Release;
		};
		5458CE392B0B5A1D0042F798 /* Debug */ = {
			isa = XCBuildConfiguration;
			buildSettings = {
				ASSETCATALOG_COMPILER_APPICON_NAME = AppIcon;
				ASSETCATALOG_COMPILER_GLOBAL_ACCENT_COLOR_NAME = AccentColor;
				CODE_SIGN_STYLE = Automatic;
				CURRENT_PROJECT_VERSION = 1;
				DEVELOPMENT_TEAM = ZK359G2MFY;
				GENERATE_INFOPLIST_FILE = YES;
				HEADER_SEARCH_PATHS = "\"$(SRCROOT)/OpenSSLDemo/openssl_64/include\"";
				INFOPLIST_FILE = OpenSSLDemo/Info.plist;
				INFOPLIST_KEY_UIApplicationSupportsIndirectInputEvents = YES;
				INFOPLIST_KEY_UILaunchStoryboardName = LaunchScreen;
				INFOPLIST_KEY_UIMainStoryboardFile = Main;
				INFOPLIST_KEY_UISupportedInterfaceOrientations_iPad = "UIInterfaceOrientationPortrait UIInterfaceOrientationPortraitUpsideDown UIInterfaceOrientationLandscapeLeft UIInterfaceOrientationLandscapeRight";
				INFOPLIST_KEY_UISupportedInterfaceOrientations_iPhone = "UIInterfaceOrientationPortrait UIInterfaceOrientationLandscapeLeft UIInterfaceOrientationLandscapeRight";
				LD_RUNPATH_SEARCH_PATHS = (
					"$(inherited)",
					"@executable_path/Frameworks",
				);
				LIBRARY_SEARCH_PATHS = (
					"$(inherited)",
					"$(PROJECT_DIR)/OpenSSLDemo/openssl_64",
				);
				MARKETING_VERSION = 1.0;
				PRODUCT_BUNDLE_IDENTIFIER = com.hsec.OpenSSLDemo.OpenSSLDemo;
				PRODUCT_NAME = "$(TARGET_NAME)";
				SWIFT_EMIT_LOC_STRINGS = YES;
				TARGETED_DEVICE_FAMILY = "1,2";
			};
			name = Debug;
		};
		5458CE3A2B0B5A1D0042F798 /* Release */ = {
			isa = XCBuildConfiguration;
			buildSettings = {
				ASSETCATALOG_COMPILER_APPICON_NAME = AppIcon;
				ASSETCATALOG_COMPILER_GLOBAL_ACCENT_COLOR_NAME = AccentColor;
				CODE_SIGN_STYLE = Automatic;
				CURRENT_PROJECT_VERSION = 1;
				DEVELOPMENT_TEAM = ZK359G2MFY;
				GENERATE_INFOPLIST_FILE = YES;
				HEADER_SEARCH_PATHS = "\"$(SRCROOT)/OpenSSLDemo/openssl_64/include\"";
				INFOPLIST_FILE = OpenSSLDemo/Info.plist;
				INFOPLIST_KEY_UIApplicationSupportsIndirectInputEvents = YES;
				INFOPLIST_KEY_UILaunchStoryboardName = LaunchScreen;
				INFOPLIST_KEY_UIMainStoryboardFile = Main;
				INFOPLIST_KEY_UISupportedInterfaceOrientations_iPad = "UIInterfaceOrientationPortrait UIInterfaceOrientationPortraitUpsideDown UIInterfaceOrientationLandscapeLeft UIInterfaceOrientationLandscapeRight";
				INFOPLIST_KEY_UISupportedInterfaceOrientations_iPhone = "UIInterfaceOrientationPortrait UIInterfaceOrientationLandscapeLeft UIInterfaceOrientationLandscapeRight";
				LD_RUNPATH_SEARCH_PATHS = (
					"$(inherited)",
					"@executable_path/Frameworks",
				);
				LIBRARY_SEARCH_PATHS = (
					"$(inherited)",
					"$(PROJECT_DIR)/OpenSSLDemo/openssl_64",
				);
				MARKETING_VERSION = 1.0;
				PRODUCT_BUNDLE_IDENTIFIER = com.hsec.OpenSSLDemo.OpenSSLDemo;
				PRODUCT_NAME = "$(TARGET_NAME)";
				SWIFT_EMIT_LOC_STRINGS = YES;
				TARGETED_DEVICE_FAMILY = "1,2";
			};
			name = Release;
		};
		5458CE3C2B0B5A1D0042F798 /* Debug */ = {
			isa = XCBuildConfiguration;
			buildSettings = {
				BUNDLE_LOADER = "$(TEST_HOST)";
				CODE_SIGN_STYLE = Automatic;
				CURRENT_PROJECT_VERSION = 1;
				DEVELOPMENT_TEAM = ZK359G2MFY;
				GENERATE_INFOPLIST_FILE = YES;
				IPHONEOS_DEPLOYMENT_TARGET = 17.0;
				MARKETING_VERSION = 1.0;
				PRODUCT_BUNDLE_IDENTIFIER = com.hsec.OpenSSLDemo.OpenSSLDemoTests;
				PRODUCT_NAME = "$(TARGET_NAME)";
				SWIFT_EMIT_LOC_STRINGS = NO;
				TARGETED_DEVICE_FAMILY = "1,2";
				TEST_HOST = "$(BUILT_PRODUCTS_DIR)/OpenSSLDemo.app/$(BUNDLE_EXECUTABLE_FOLDER_PATH)/OpenSSLDemo";
			};
			name = Debug;
		};
		5458CE3D2B0B5A1D0042F798 /* Release */ = {
			isa = XCBuildConfiguration;
			buildSettings = {
				BUNDLE_LOADER = "$(TEST_HOST)";
				CODE_SIGN_STYLE = Automatic;
				CURRENT_PROJECT_VERSION = 1;
				DEVELOPMENT_TEAM = ZK359G2MFY;
				GENERATE_INFOPLIST_FILE = YES;
				IPHONEOS_DEPLOYMENT_TARGET = 17.0;
				MARKETING_VERSION = 1.0;
				PRODUCT_BUNDLE_IDENTIFIER = com.hsec.OpenSSLDemo.OpenSSLDemoTests;
				PRODUCT_NAME = "$(TARGET_NAME)";
				SWIFT_EMIT_LOC_STRINGS = NO;
				TARGETED_DEVICE_FAMILY = "1,2";
				TEST_HOST = "$(BUILT_PRODUCTS_DIR)/OpenSSLDemo.app/$(BUNDLE_EXECUTABLE_FOLDER_PATH)/OpenSSLDemo";
			};
			name = Release;
		};
		5458CE3F2B0B5A1D0042F798 /* Debug */ = {
			isa = XCBuildConfiguration;
			buildSettings = {
				CODE_SIGN_STYLE = Automatic;
				CURRENT_PROJECT_VERSION = 1;
				DEVELOPMENT_TEAM = ZK359G2MFY;
				GENERATE_INFOPLIST_FILE = YES;
				MARKETING_VERSION = 1.0;
				PRODUCT_BUNDLE_IDENTIFIER = com.hsec.OpenSSLDemo.OpenSSLDemoUITests;
				PRODUCT_NAME = "$(TARGET_NAME)";
				SWIFT_EMIT_LOC_STRINGS = NO;
				TARGETED_DEVICE_FAMILY = "1,2";
				TEST_TARGET_NAME = OpenSSLDemo;
			};
			name = Debug;
		};
		5458CE402B0B5A1D0042F798 /* Release */ = {
			isa = XCBuildConfiguration;
			buildSettings = {
				CODE_SIGN_STYLE = Automatic;
				CURRENT_PROJECT_VERSION = 1;
				DEVELOPMENT_TEAM = ZK359G2MFY;
				GENERATE_INFOPLIST_FILE = YES;
				MARKETING_VERSION = 1.0;
				PRODUCT_BUNDLE_IDENTIFIER = com.hsec.OpenSSLDemo.OpenSSLDemoUITests;
				PRODUCT_NAME = "$(TARGET_NAME)";
				SWIFT_EMIT_LOC_STRINGS = NO;
				TARGETED_DEVICE_FAMILY = "1,2";
				TEST_TARGET_NAME = OpenSSLDemo;
			};
			name = Release;
		};
/* End XCBuildConfiguration section */

/* Begin XCConfigurationList section */
		5458CE042B0B5A1B0042F798 /* Build configuration list for PBXProject "OpenSSLDemo" */ = {
			isa = XCConfigurationList;
			buildConfigurations = (
				5458CE362B0B5A1D0042F798 /* Debug */,
				5458CE372B0B5A1D0042F798 /* Release */,
			);
			defaultConfigurationIsVisible = 0;
			defaultConfigurationName = Release;
		};
		5458CE382B0B5A1D0042F798 /* Build configuration list for PBXNativeTarget "OpenSSLDemo" */ = {
			isa = XCConfigurationList;
			buildConfigurations = (
				5458CE392B0B5A1D0042F798 /* Debug */,
				5458CE3A2B0B5A1D0042F798 /* Release */,
			);
			defaultConfigurationIsVisible = 0;
			defaultConfigurationName = Release;
		};
		5458CE3B2B0B5A1D0042F798 /* Build configuration list for PBXNativeTarget "OpenSSLDemoTests" */ = {
			isa = XCConfigurationList;
			buildConfigurations = (
				5458CE3C2B0B5A1D0042F798 /* Debug */,
				5458CE3D2B0B5A1D0042F798 /* Release */,
			);
			defaultConfigurationIsVisible = 0;
			defaultConfigurationName = Release;
		};
		5458CE3E2B0B5A1D0042F798 /* Build configuration list for PBXNativeTarget "OpenSSLDemoUITests" */ = {
			isa = XCConfigurationList;
			buildConfigurations = (
				5458CE3F2B0B5A1D0042F798 /* Debug */,
				5458CE402B0B5A1D0042F798 /* Release */,
			);
			defaultConfigurationIsVisible = 0;
			defaultConfigurationName = Release;
		};
/* End XCConfigurationList section */
	};
	rootObject = 5458CE012B0B5A1B0042F798 /* Project object */;
}
